github.com/docura/docura v0.0.0-20240824183835-dbb1cd305b9a h1:rlTTA0t6ejVmrKiAiSeyrDHkW2nmNYyJk0aysDUxiW8=
github.com/docura/docura v0.0.0-20240824183835-dbb1cd305b9a/go.mod h1:YBxYHP2IzOjt99lEuuOiP8uRW/QQhsINy6hxiIxt0Kk=
github.com/dumindu/E25DX v0.0.0-20240623113228-fe1487c752be h1:e5Mt3KvGlfsd9VvjPEHeXY79AQUq5aZdG7tCwnNdLSc=
github.com/dumindu/E25DX v0.0.0-20240623113228-fe1487c752be/go.mod h1:47IPQDt0e2972E7TLGm+ULlpco4I4Ry5zKS5YgUZHt4=
github.com/eens1/config v0.0.0-20241121112600-8b1ed97f18f3 h1:Cuh5i4H7PqlA2UhVRozFwUgoui8XsnaEBKJgWx1oPIg=
github.com/eens1/config v0.0.0-20241121112600-8b1ed97f18f3/go.mod h1:WccIBwO6Cw5wlt2HJ3katlH0qZNQeeaLX7+GkVR0FmI=
github.com/eens1/config v0.0.0-20241121145252-5fede4a0ecd5 h1:0P7TwwVkMJQGRq7K//D1Vu7jShqQcsPM8ebE0gzlwCM=
github.com/eens1/config v0.0.0-20241121145252-5fede4a0ecd5/go.mod h1:WccIBwO6Cw5wlt2HJ3katlH0qZNQeeaLX7+GkVR0FmI=
github.com/eens1/config v0.0.0-20241121145411-a4ad38d14efb h1:Swkdy+RGSzyBpdoHw2rxbqdFXvHd+p7PMnvxrHLNZKY=
github.com/eens1/config v0.0.0-20241121145411-a4ad38d14efb/go.mod h1:WccIBwO6Cw5wlt2HJ3katlH0qZNQeeaLX7+GkVR0FmI=
github.com/eens1/config v0.0.0-20241121150509-cfa622fdb878 h1:fkTc2XL4NGUBW0CqYZX+6V47V89W+OJhbaDbLKg9WoQ=
github.com/eens1/config v0.0.0-20241121150509-cfa622fdb878/go.mod h1:WccIBwO6Cw5wlt2HJ3katlH0qZNQeeaLX7+GkVR0FmI=
github.com/eens1/config v0.0.0-20241121151002-3cb8b715c6bf h1:AQVCnhE3hmOKEr9ka5Rz22//eyzYhIEL09unqSwre8w=
github.com/eens1/config v0.0.0-20241121151002-3cb8b715c6bf/go.mod h1:WccIBwO6Cw5wlt2HJ3katlH0qZNQeeaLX7+GkVR0FmI=
github.com/eens1/config v0.0.0-20241121160435-5fdd09487d97 h1:TPB1zO8gwm8UdQmjNoyKl/p17xQ8Gnngza0CScTUO7Y=
github.com/eens1/config v0.0.0-20241121160435-5fdd09487d97/go.mod h1:WccIBwO6Cw5wlt2HJ3katlH0qZNQeeaLX7+GkVR0FmI=
github.com/eens1/config v0.0.0-20241121160921-2a75254f6084 h1:hqtxQmBLTe9DD7m+WP+kLhsxWrTqfqQtT9/sU2ZOjlM=
github.com/eens1/config v0.0.0-20241121160921-2a75254f6084/go.mod h1:WccIBwO6Cw5wlt2HJ3katlH0qZNQeeaLX7+GkVR0FmI=
github.com/eens1/config v0.0.0-20241121161038-0759d1d9d7b7 h1:160JWZ99GZATG7dzJSH+KCEFEFtiGTsdXhxhYfxm/Ho=
github.com/eens1/config v0.0.0-20241121161038-0759d1d9d7b7/go.mod h1:WccIBwO6Cw5wlt2HJ3katlH0qZNQeeaLX7+GkVR0FmI=
github.com/eens1/config v0.0.0-20241121161159-a3ae38436c44 h1:8NnKpM50XCM1uU7fo3AESgz9Tme3yblu+hmAnf1olgo=
github.com/eens1/config v0.0.0-20241121161159-a3ae38436c44/go.mod h1:WccIBwO6Cw5wlt2HJ3katlH0qZNQeeaLX7+GkVR0FmI=
github.com/eens1/config v0.0.0-20241121161235-28fe4a38e80b h1:d8u8mazHzXRX4o+uPZItDIYXCM/qWl5vw8QnmzQDEsg=
github.com/eens1/config v0.0.0-20241121161235-28fe4a38e80b/go.mod h1:WccIBwO6Cw5wlt2HJ3katlH0qZNQeeaLX7+GkVR0FmI=
github.com/eens1/config v0.0.0-20241121161259-0210d52419bb h1:vyAgMGaHXSos55SA9z7KkrGAVYFXF8rvfrMy8vkfgm0=
github.com/eens1/config v0.0.0-20241121161259-0210d52419bb/go.mod h1:WccIBwO6Cw5wlt2HJ3katlH0qZNQeeaLX7+GkVR0FmI=
github.com/eens1/config v0.0.0-20241121163010-ad7678a505aa h1:VW+CteBqfWu6P35ufq0E26CViLzlfbXxD3dlfB3chUU=
github.com/eens1/config v0.0.0-20241121163010-ad7678a505aa/go.mod h1:WccIBwO6Cw5wlt2HJ3katlH0qZNQeeaLX7+GkVR0FmI=
github.com/eens1/config v0.0.0-20241121163207-0e6fe0a05f68 h1:lD07wP+IIXF1/Q5nMJZRyY40ThHUZVoFY0VkE9I5vvQ=
github.com/eens1/config v0.0.0-20241121163207-0e6fe0a05f68/go.mod h1:WccIBwO6Cw5wlt2HJ3katlH0qZNQeeaLX7+GkVR0FmI=
github.com/eens1/config v0.0.0-20241121163234-be904dd593d5 h1:t+fI2Bd8ozpWdhpVgC+qZIAcuDoNrz842oC5rkF5HyQ=
github.com/eens1/config v0.0.0-20241121163234-be904dd593d5/go.mod h1:WccIBwO6Cw5wlt2HJ3katlH0qZNQeeaLX7+GkVR0FmI=
github.com/eens1/config v0.0.0-20241121163653-09c272c354e4 h1:AQS+u5h9FzYgZHCLJgyowOSN4WtLqQaG+W1fuc8DTrI=
github.com/eens1/config v0.0.0-20241121163653-09c272c354e4/go.mod h1:WccIBwO6Cw5wlt2HJ3katlH0qZNQeeaLX7+GkVR0FmI=
github.com/eens1/config v0.0.0-20241121164046-b1dd431d050b h1:8WVx9ns/KkcgyPfa/gvUfbA8aP2k5c/8nnUId5Q3/oQ=
github.com/eens1/config v0.0.0-20241121164046-b1dd431d050b/go.mod h1:WccIBwO6Cw5wlt2HJ3katlH0qZNQeeaLX7+GkVR0FmI=
github.com/eens1/config v0.0.0-20241121164141-f7644268dcd5 h1:Mtzdg4aAE+7av9iB9dhki2iQOz2FcNE/9Te6PbzDwp0=
github.com/eens1/config v0.0.0-20241121164141-f7644268dcd5/go.mod h1:WccIBwO6Cw5wlt2HJ3katlH0qZNQeeaLX7+GkVR0FmI=
github.com/eens1/config v0.0.0-20241121164303-4ff9e0a5958b h1:KM9BFhFd3q0gH1qWMPltjRAqGCb9OCjBJdeHNcAvJmo=
github.com/eens1/config v0.0.0-20241121164303-4ff9e0a5958b/go.mod h1:WccIBwO6Cw5wlt2HJ3katlH0qZNQeeaLX7+GkVR0FmI=
github.com/eens1/config v0.0.0-20241121165552-277ff2332f3c h1:L/FhO2o2Id7a5rb/LT8cSFZIFrVbvYqlkk8BDZLNbac=
github.com/eens1/config v0.0.0-20241121165552-277ff2332f3c/go.mod h1:WccIBwO6Cw5wlt2HJ3katlH0qZNQeeaLX7+GkVR0FmI=
github.com/eens1/config v0.0.0-20241121165621-3a8ed1f1d7e0 h1:pLazcDdIgHI+qlRrBE4sMLtKr2GMxbNIiZeOHfbUCgE=
github.com/eens1/config v0.0.0-20241121165621-3a8ed1f1d7e0/go.mod h1:WccIBwO6Cw5wlt2HJ3katlH0qZNQeeaLX7+GkVR0FmI=
github.com/eens1/config v0.0.0-20241121165814-8cef31ec9af7 h1:vTcr+kyIlWiC8K18+FrtplHmBd5zZHikRyB/nxhznas=
github.com/eens1/config v0.0.0-20241121165814-8cef31ec9af7/go.mod h1:WccIBwO6Cw5wlt2HJ3katlH0qZNQeeaLX7+GkVR0FmI=
github.com/eens1/config v0.0.0-20241121165907-0e15c6d8949a h1:GaSKAJuzJXJ7hKCLIY2WiTGOoXvpf9puTN8sDnNDxvg=
github.com/eens1/config v0.0.0-20241121165907-0e15c6d8949a/go.mod h1:WccIBwO6Cw5wlt2HJ3katlH0qZNQeeaLX7+GkVR0FmI=
github.com/eens1/config v0.0.0-20241121165945-160be3b8f4f5 h1:ohbtDL8NkLpJxYWEcOW3ecQc1Ho6+VPH5wV0g2v3yQ0=
github.com/eens1/config v0.0.0-20241121165945-160be3b8f4f5/go.mod h1:WccIBwO6Cw5wlt2HJ3katlH0qZNQeeaLX7+GkVR0FmI=
github.com/eens1/config v0.0.0-20241121170305-a92b6cf72ee3 h1:9uH4thjGgjq9TeRhTGYqVCBI5c39nRvynbPrpy94ELo=
github.com/eens1/config v0.0.0-20241121170305-a92b6cf72ee3/go.mod h1:WccIBwO6Cw5wlt2HJ3katlH0qZNQeeaLX7+GkVR0FmI=
github.com/eens1/config v0.0.0-20241121170434-f4cb71deb1c3 h1:t99m4PmEDKNI+c0ZRCsho0FMA+8Y+zgF82SMwANx8BQ=
github.com/eens1/config v0.0.0-20241121170434-f4cb71deb1c3/go.mod h1:WccIBwO6Cw5wlt2HJ3katlH0qZNQeeaLX7+GkVR0FmI=
github.com/eens1/config v0.0.0-20241121170530-bbef346ffb1f h1:sCKPyL//V5LID7BcT683SCZUXZ0k8/MjEbUJrJdsHLM=
github.com/eens1/config v0.0.0-20241121170530-bbef346ffb1f/go.mod h1:WccIBwO6Cw5wlt2HJ3katlH0qZNQeeaLX7+GkVR0FmI=
github.com/eens1/config v0.0.0-20241121170700-f94c53c10ea1 h1:JzwDMdX+A8EH/PxyE2CbR7OlZuKSKAw1G4iIc+4kW+c=
github.com/eens1/config v0.0.0-20241121170700-f94c53c10ea1/go.mod h1:WccIBwO6Cw5wlt2HJ3katlH0qZNQeeaLX7+GkVR0FmI=
github.com/eens1/config v0.0.0-20241121171150-e4c5e9aa643b h1:8aIWIDXBG3vcDMZdoKIG+XTkcPkoqGvULZ3i5pq+Lxc=
github.com/eens1/config v0.0.0-20241121171150-e4c5e9aa643b/go.mod h1:WccIBwO6Cw5wlt2HJ3katlH0qZNQeeaLX7+GkVR0FmI=
github.com/eens1/config v0.0.0-20241121171257-8f8513bc2855 h1:gt/VHEXfKn9F9QWDCCZhhpL6n1Ps94YQZwrM5erywF0=
github.com/eens1/config v0.0.0-20241121171257-8f8513bc2855/go.mod h1:WccIBwO6Cw5wlt2HJ3katlH0qZNQeeaLX7+GkVR0FmI=
github.com/eens1/config v0.0.0-20241121171409-eb473db66494 h1:3UXqY2gNzoewaPxNcy+nfa0RlpND9k5S/Ev65TIPrDE=
github.com/eens1/config v0.0.0-20241121171409-eb473db66494/go.mod h1:WccIBwO6Cw5wlt2HJ3katlH0qZNQeeaLX7+GkVR0FmI=
github.com/eens1/config v0.0.0-20241121171537-cf0193b140e6 h1:dK1o3+L8MwhYuc75qr3lHumzu+xPv+PRKmPt6aOVw4I=
github.com/eens1/config v0.0.0-20241121171537-cf0193b140e6/go.mod h1:WccIBwO6Cw5wlt2HJ3katlH0qZNQeeaLX7+GkVR0FmI=
github.com/eens1/config v0.0.0-20241121180139-6e44e567ef23 h1:fV9rCVGiItAwJi/yH67N3cM13sGLMUWknFmDLRaiX4o=
github.com/eens1/config v0.0.0-20241121180139-6e44e567ef23/go.mod h1:WccIBwO6Cw5wlt2HJ3katlH0qZNQeeaLX7+GkVR0FmI=
github.com/eens1/config v0.0.0-20241121180255-91bb620cf3de h1:AhuernJbYSq6bbh6Kn192zl7q0QA9lBIG1YbifvpuhQ=
github.com/eens1/config v0.0.0-20241121180255-91bb620cf3de/go.mod h1:WccIBwO6Cw5wlt2HJ3katlH0qZNQeeaLX7+GkVR0FmI=
github.com/eens1/config v0.0.0-20241121180428-1d8263228039 h1:bt9Fcec2a4enieCGR53K6PNdRK0o6aPNWzp5huX8t8A=
github.com/eens1/config v0.0.0-20241121180428-1d8263228039/go.mod h1:WccIBwO6Cw5wlt2HJ3katlH0qZNQeeaLX7+GkVR0FmI=
github.com/eens1/config v0.0.0-20241121180457-297df7725122 h1:gBeq0sac8aPQLRTGwsurVqgoKSlDMtaVjjuaUidYWwo=
github.com/eens1/config v0.0.0-20241121180457-297df7725122/go.mod h1:WccIBwO6Cw5wlt2HJ3katlH0qZNQeeaLX7+GkVR0FmI=
github.com/eens1/config v0.0.0-20241121180548-0675d090b6f8 h1:DYYjZxaAPMEEdKFLBxFG+cIPaWCN5sA7hBxI/Z22UE0=
github.com/eens1/config v0.0.0-20241121180548-0675d090b6f8/go.mod h1:WccIBwO6Cw5wlt2HJ3katlH0qZNQeeaLX7+GkVR0FmI=
github.com/eens1/config v0.0.0-20241121180734-9e2646d14ffc h1:VG7BBvLmBkAKPJEJ1fe7WBTeQ33OvUlJUvz9nGN3I1o=
github.com/eens1/config v0.0.0-20241121180734-9e2646d14ffc/go.mod h1:WccIBwO6Cw5wlt2HJ3katlH0qZNQeeaLX7+GkVR0FmI=
github.com/eens1/config v0.0.0-20241121180847-593613d14ad4 h1:dBLqY5w3jAG+vXrBEfXoZRh/GPFvfWXnwtjzq4Mo3/Y=
github.com/eens1/config v0.0.0-20241121180847-593613d14ad4/go.mod h1:WccIBwO6Cw5wlt2HJ3katlH0qZNQeeaLX7+GkVR0FmI=
github.com/eens1/config v0.0.0-20241121181126-ec181f1c1958 h1:6yVzHlbQfb9UR41gk7L6oFE7laTte018+0CfjjKWp7E=
github.com/eens1/config v0.0.0-20241121181126-ec181f1c1958/go.mod h1:WccIBwO6Cw5wlt2HJ3katlH0qZNQeeaLX7+GkVR0FmI=
github.com/eens1/config v0.0.0-20241121184226-08a88af947c4 h1:trK/hsXsJv/9lJgJPJVlOfJRouJIvUsdo/rmn4oh0eo=
github.com/eens1/config v0.0.0-20241121184226-08a88af947c4/go.mod h1:WccIBwO6Cw5wlt2HJ3katlH0qZNQeeaLX7+GkVR0FmI=
github.com/eens1/config v0.0.0-20241121184257-08d5969b04cd h1:EkxAl1eUEveb1fsdkuozZcDKBbTjc4zBn+htHQX3sMY=
github.com/eens1/config v0.0.0-20241121184257-08d5969b04cd/go.mod h1:WccIBwO6Cw5wlt2HJ3katlH0qZNQeeaLX7+GkVR0FmI=
github.com/eens1/config v0.0.0-20241121184934-3b06f889e2f4 h1:02yxKGLNY6Z0fY3fNQYGwgSpyZudmO0GUA25qss9gRU=
github.com/eens1/config v0.0.0-20241121184934-3b06f889e2f4/go.mod h1:WccIBwO6Cw5wlt2HJ3katlH0qZNQeeaLX7+GkVR0FmI=
github.com/eens1/config v0.0.0-20241121185530-464842091c29 h1:Z0Ftk7Y6dP6QSmbnTX1hoMwfFwcJFSXMp2zumMfE1SE=
github.com/eens1/config v0.0.0-20241121185530-464842091c29/go.mod h1:WccIBwO6Cw5wlt2HJ3katlH0qZNQeeaLX7+GkVR0FmI=
github.com/eens1/config v0.0.0-20241121185623-c776156ad797 h1:hi7lGAB+stnYBNvcV5+WE0k2JLKLKy45OvpyL7he26A=
github.com/eens1/config v0.0.0-20241121185623-c776156ad797/go.mod h1:WccIBwO6Cw5wlt2HJ3katlH0qZNQeeaLX7+GkVR0FmI=
github.com/eens1/config v0.0.0-20241121185720-db7183acfb46 h1:b4oEKbmBwwkoKDS61TViNj/3rUYBFTeJt+iAFVLowwU=
github.com/eens1/config v0.0.0-20241121185720-db7183acfb46/go.mod h1:WccIBwO6Cw5wlt2HJ3katlH0qZNQeeaLX7+GkVR0FmI=
github.com/eens1/config v0.0.0-20241121185759-650dbf626af1 h1:xOK9MReLjKvk9u97LSPcs3mrKagWU9UcSp/PH3vwHN8=
github.com/eens1/config v0.0.0-20241121185759-650dbf626af1/go.mod h1:WccIBwO6Cw5wlt2HJ3katlH0qZNQeeaLX7+GkVR0FmI=
github.com/eens1/config v0.0.0-20241121185826-60a94b4d76d0 h1:QJ35jG54rAR3i8cSsOFckg59C6fAxvjZCNsZY6rZ2KM=
github.com/eens1/config v0.0.0-20241121185826-60a94b4d76d0/go.mod h1:WccIBwO6Cw5wlt2HJ3katlH0qZNQeeaLX7+GkVR0FmI=
github.com/eens1/config v0.0.0-20241121185856-f045ea32d055 h1:KsWirTKb7N+HQbZz3SNZD/v9zcnhwDmVPfE0V2DxVxo=
github.com/eens1/config v0.0.0-20241121185856-f045ea32d055/go.mod h1:WccIBwO6Cw5wlt2HJ3katlH0qZNQeeaLX7+GkVR0FmI=
github.com/eens1/config v0.0.0-20241121190110-917af9a7b2ba h1:ItZLAGF1rTHMmUDINJbzS5aIAWa18Z6dPFqqYHjah7s=
github.com/eens1/config v0.0.0-20241121190110-917af9a7b2ba/go.mod h1:WccIBwO6Cw5wlt2HJ3katlH0qZNQeeaLX7+GkVR0FmI=
github.com/eens1/config v0.0.0-20241121190401-905307d9ee10 h1:ySDk84fTlCbnytowWqz9NKsbzoERCEPN55jWfV7vNG8=
github.com/eens1/config v0.0.0-20241121190401-905307d9ee10/go.mod h1:WccIBwO6Cw5wlt2HJ3katlH0qZNQeeaLX7+GkVR0FmI=
github.com/eens1/config v0.0.0-20241121190436-f340d1cc180b h1:ZzRg6AJbzg0jQPsZewMQYSofL9enhy+SJz9aH04l8Vs=
github.com/eens1/config v0.0.0-20241121190436-f340d1cc180b/go.mod h1:WccIBwO6Cw5wlt2HJ3katlH0qZNQeeaLX7+GkVR0FmI=
github.com/eens1/config v0.0.0-20241121192102-b7106f3c953c h1:MOjrL5kayq46dS3X2inPhj6ThVMy11ZLAsuXDaeNBCo=
github.com/eens1/config v0.0.0-20241121192102-b7106f3c953c/go.mod h1:WccIBwO6Cw5wlt2HJ3katlH0qZNQeeaLX7+GkVR0FmI=
github.com/eens1/config v0.0.0-20241121192231-733db8f79e55 h1:WggFll9HWvnXBoVTFkszYlOn8Z++EXVYwBYLfZOB/7o=
github.com/eens1/config v0.0.0-20241121192231-733db8f79e55/go.mod h1:WccIBwO6Cw5wlt2HJ3katlH0qZNQeeaLX7+GkVR0FmI=
github.com/eens1/config v0.0.0-20241121192343-8c3f9a648b7b h1:cjwMf4Z1AYQGtpS7OeyWg3BlTPBPNIKZI4TbpyE65/0=
github.com/eens1/config v0.0.0-20241121192343-8c3f9a648b7b/go.mod h1:WccIBwO6Cw5wlt2HJ3katlH0qZNQeeaLX7+GkVR0FmI=
github.com/eens1/config v0.0.0-20241121192507-10b2456b127a h1:NYaKBv1ysMeEFXUejcNBd3d0urNM5SHq4HVzspYCmbI=
github.com/eens1/config v0.0.0-20241121192507-10b2456b127a/go.mod h1:WccIBwO6Cw5wlt2HJ3katlH0qZNQeeaLX7+GkVR0FmI=
github.com/eens1/config v0.0.0-20241121192521-60c01b84e49e h1:5tXJRVgRbQqK8A4vtgAqaTnpteEg5be1uYh7GDdFyCM=
github.com/eens1/config v0.0.0-20241121192521-60c01b84e49e/go.mod h1:WccIBwO6Cw5wlt2HJ3katlH0qZNQeeaLX7+GkVR0FmI=
github.com/eens1/config v0.0.0-20241121192656-5e7feac334ec h1:RbLBT3XAbmXwoq0u1w+taCqPDADCjUSDHHLDloCh5zg=
github.com/eens1/config v0.0.0-20241121192656-5e7feac334ec/go.mod h1:WccIBwO6Cw5wlt2HJ3katlH0qZNQeeaLX7+GkVR0FmI=
github.com/eens1/config v0.0.0-20241121192733-0b48fc91cb22 h1:QpRFNiGlhsR2sF13ni9s+JgVQPTx0/uK3nFa/Z5BbBo=
github.com/eens1/config v0.0.0-20241121192733-0b48fc91cb22/go.mod h1:WccIBwO6Cw5wlt2HJ3katlH0qZNQeeaLX7+GkVR0FmI=
github.com/eens1/config v0.0.0-20241122044142-9f423ad066c5 h1:XXCiDd0HpCCpj0gx5EMQ94GLSzw0fOjF0WZMNtmDmuQ=
github.com/eens1/config v0.0.0-20241122044142-9f423ad066c5/go.mod h1:WccIBwO6Cw5wlt2HJ3katlH0qZNQeeaLX7+GkVR0FmI=
github.com/eens1/config v0.0.0-20241122044242-76af4b7636ce h1:3GqnVcOgQIFPTAyV8lt8YtXm0RilqNfQ+OZp6nFubg8=
github.com/eens1/config v0.0.0-20241122044242-76af4b7636ce/go.mod h1:WccIBwO6Cw5wlt2HJ3katlH0qZNQeeaLX7+GkVR0FmI=
github.com/eens1/config v0.0.0-20241122044441-bee0e568a516 h1:XRtx5zqtqf3Cv989QrTgitbFoJEwta4BOZafTEbVDQQ=
github.com/eens1/config v0.0.0-20241122044441-bee0e568a516/go.mod h1:WccIBwO6Cw5wlt2HJ3katlH0qZNQeeaLX7+GkVR0FmI=
github.com/eens1/config v0.0.0-20241122044523-aeb7e49ad390 h1:YJxZWlWCA3RMvbXsjM31Ccp3cJhdpUSROK+ovHiLP1A=
github.com/eens1/config v0.0.0-20241122044523-aeb7e49ad390/go.mod h1:WccIBwO6Cw5wlt2HJ3katlH0qZNQeeaLX7+GkVR0FmI=
github.com/eens1/config v0.0.0-20241122044711-58d80cf59503 h1:qht/se1fxyY+VK3Ofi4LX1ZZtOSLEkPQfZBcs7RyuzQ=
github.com/eens1/config v0.0.0-20241122044711-58d80cf59503/go.mod h1:WccIBwO6Cw5wlt2HJ3katlH0qZNQeeaLX7+GkVR0FmI=
github.com/eens1/config v0.0.0-20241122044805-4af61d02ebee h1:+dneaXWPZvYdwO2QeHZsSzohdzvVXtlnIRrS9FsfRkI=
github.com/eens1/config v0.0.0-20241122044805-4af61d02ebee/go.mod h1:WccIBwO6Cw5wlt2HJ3katlH0qZNQeeaLX7+GkVR0FmI=
github.com/eens1/config v0.0.0-20241122044855-00bf2356df9a h1:Iz60oTbfrf/Px2m3kRZBxtvf6QAv5ddJHl9JA48eroU=
github.com/eens1/config v0.0.0-20241122044855-00bf2356df9a/go.mod h1:WccIBwO6Cw5wlt2HJ3katlH0qZNQeeaLX7+GkVR0FmI=
github.com/eens1/config v0.0.0-20241122044946-b2ca5d5f0f42 h1:AvWfXqrkayJHw80XFYbr8N+lg2Br6LDTi2GRacQTLP8=
github.com/eens1/config v0.0.0-20241122044946-b2ca5d5f0f42/go.mod h1:WccIBwO6Cw5wlt2HJ3katlH0qZNQeeaLX7+GkVR0FmI=
github.com/eens1/config v0.0.0-20241122045057-c4c6a857f7b7 h1:fAKeZdFkdTCQvOEnpjURyvErKAccSycbUTEVRsMAkOA=
github.com/eens1/config v0.0.0-20241122045057-c4c6a857f7b7/go.mod h1:WccIBwO6Cw5wlt2HJ3katlH0qZNQeeaLX7+GkVR0FmI=
github.com/eens1/config v0.0.0-20241122045113-892343317d17 h1:XJrBvaFnI1iVcRHUKTjB4qyySi+MX+j9SCEIMpCCCvg=
github.com/eens1/config v0.0.0-20241122045113-892343317d17/go.mod h1:WccIBwO6Cw5wlt2HJ3katlH0qZNQeeaLX7+GkVR0FmI=
github.com/eens1/config v0.0.0-20241122045904-249141428401 h1:hTQhnUkiiOVlvhmJhA3XpsmZnNcFaEacntGy3qv/ZkU=
github.com/eens1/config v0.0.0-20241122045904-249141428401/go.mod h1:WccIBwO6Cw5wlt2HJ3katlH0qZNQeeaLX7+GkVR0FmI=
github.com/eens1/config v0.0.0-20241122045954-65e209585e73 h1:rG4fFPYjx7ylVewDbiCSyUHh6Kuq7KhvMsn1M5B4wqI=
github.com/eens1/config v0.0.0-20241122045954-65e209585e73/go.mod h1:WccIBwO6Cw5wlt2HJ3katlH0qZNQeeaLX7+GkVR0FmI=
github.com/eens1/config v0.0.0-20241122050027-509d03b869ca h1:hqTNyHXejV3DD0RO7s3lhN5Gx2S+JppNGvclZ+FSBMU=
github.com/eens1/config v0.0.0-20241122050027-509d03b869ca/go.mod h1:WccIBwO6Cw5wlt2HJ3katlH0qZNQeeaLX7+GkVR0FmI=
github.com/eens1/config v0.0.0-20241122050113-d416624eafc0 h1:okPV+wpsRhg2YMPGSBb0LnWEkdiKN818VACdmaccppc=
github.com/eens1/config v0.0.0-20241122050113-d416624eafc0/go.mod h1:WccIBwO6Cw5wlt2HJ3katlH0qZNQeeaLX7+GkVR0FmI=
github.com/eens1/config v0.0.0-20241122050136-ee081eb96d16 h1:5Ugr5qdjMc5KghvZgEGKb7jbE0gRSQm42DHm8yIWjU8=
github.com/eens1/config v0.0.0-20241122050136-ee081eb96d16/go.mod h1:WccIBwO6Cw5wlt2HJ3katlH0qZNQeeaLX7+GkVR0FmI=
github.com/eens1/config v0.0.0-20241122050303-0cb513619a00 h1:09uH2dN4JPKGoAjgs7bNKyx+Bs2mWtCmtKvpW9fRIaw=
github.com/eens1/config v0.0.0-20241122050303-0cb513619a00/go.mod h1:WccIBwO6Cw5wlt2HJ3katlH0qZNQeeaLX7+GkVR0FmI=
github.com/eens1/config v0.0.0-20241122050408-5cd5da5de44b h1:z0nW0U3YorfauWluydxml3S4NUFyvEgRIDFLT4wInxs=
github.com/eens1/config v0.0.0-20241122050408-5cd5da5de44b/go.mod h1:WccIBwO6Cw5wlt2HJ3katlH0qZNQeeaLX7+GkVR0FmI=
github.com/eens1/config v0.0.0-20241122051018-96e0aea40a8b h1:abBV3H/lHirTuuvTTVOV19cltzS4Sx0VWvDtoFiP2aI=
github.com/eens1/config v0.0.0-20241122051018-96e0aea40a8b/go.mod h1:WccIBwO6Cw5wlt2HJ3katlH0qZNQeeaLX7+GkVR0FmI=
github.com/eens1/config v0.0.0-20241122051111-49096d41e12d h1:ckqj/S7WE/u6nQtvMz6n90SAd2zKwzuz2PTu7Qo6DDk=
github.com/eens1/config v0.0.0-20241122051111-49096d41e12d/go.mod h1:WccIBwO6Cw5wlt2HJ3katlH0qZNQeeaLX7+GkVR0FmI=
github.com/eens1/config v0.0.0-20241122051218-37da07037593 h1:9cwEF4g/D77CmvtKlj4aprkpPUFgWaKz+QVQUML6Omo=
github.com/eens1/config v0.0.0-20241122051218-37da07037593/go.mod h1:WccIBwO6Cw5wlt2HJ3katlH0qZNQeeaLX7+GkVR0FmI=
github.com/eens1/config v0.0.0-20241122051307-e12db0287ceb h1:7uAo1yMvORalucpVx1S6JTBnJqALDPYQ8LqeXZ4kr+0=
github.com/eens1/config v0.0.0-20241122051307-e12db0287ceb/go.mod h1:WccIBwO6Cw5wlt2HJ3katlH0qZNQeeaLX7+GkVR0FmI=
github.com/eens1/config v0.0.0-20241122051328-dd116a657797 h1:vVOv9mTPjKmqhSNfAZNokVWuHVcsr5xDmyvASeYdkSY=
github.com/eens1/config v0.0.0-20241122051328-dd116a657797/go.mod h1:WccIBwO6Cw5wlt2HJ3katlH0qZNQeeaLX7+GkVR0FmI=
github.com/eens1/config v0.0.0-20241122051428-274cf0daf940 h1:LyRgP8prnXSphaRtsKNvC7VzcRYrWdOdDvkjzZiG0gM=
github.com/eens1/config v0.0.0-20241122051428-274cf0daf940/go.mod h1:WccIBwO6Cw5wlt2HJ3katlH0qZNQeeaLX7+GkVR0FmI=
github.com/eens1/config v0.0.0-20241122051542-90d41cd6bfd4 h1:0mS0b0AD+/8aqJkWgXopFtBvwcVW5nS4laxpCR47PFE=
github.com/eens1/config v0.0.0-20241122051542-90d41cd6bfd4/go.mod h1:WccIBwO6Cw5wlt2HJ3katlH0qZNQeeaLX7+GkVR0FmI=
github.com/eens1/config v0.0.0-20241122051621-402725b7359b h1:CZUyV27VSX9wZ/SyGtSm49bvKZOwHd2/DlqOZPGmzyU=
github.com/eens1/config v0.0.0-20241122051621-402725b7359b/go.mod h1:WccIBwO6Cw5wlt2HJ3katlH0qZNQeeaLX7+GkVR0FmI=
github.com/eens1/config v0.0.0-20241122051637-46debbab12be h1:U730mnOYAp4ZhtUZVWMiXq6r8x5Q/J8qeIYlqmwz6cA=
github.com/eens1/config v0.0.0-20241122051637-46debbab12be/go.mod h1:WccIBwO6Cw5wlt2HJ3katlH0qZNQeeaLX7+GkVR0FmI=
github.com/eens1/config v0.0.0-20241122051722-78e0b1c188d5 h1:aM8hOeG3f+ZeTcmBd20ZqSuDoCV7PpMpVTJdYZHjX10=
github.com/eens1/config v0.0.0-20241122051722-78e0b1c188d5/go.mod h1:WccIBwO6Cw5wlt2HJ3katlH0qZNQeeaLX7+GkVR0FmI=
github.com/eens1/config v0.0.0-20241122051811-e4330a68cca4 h1:+2K7bLZhFuYYNKUsNn4GEZgsOZ030tW9mfA+AGXXnEY=
github.com/eens1/config v0.0.0-20241122051811-e4330a68cca4/go.mod h1:WccIBwO6Cw5wlt2HJ3katlH0qZNQeeaLX7+GkVR0FmI=
github.com/eens1/config v0.0.0-20241122051917-f6537d61ecd6 h1:tEIF636D30xeg1u3Bc+ZC71mSkrGarHXZ2sTC4kkwMA=
github.com/eens1/config v0.0.0-20241122051917-f6537d61ecd6/go.mod h1:WccIBwO6Cw5wlt2HJ3katlH0qZNQeeaLX7+GkVR0FmI=
github.com/eens1/config v0.0.0-20241122051933-f2625e285e94 h1:Nu5QLSM5xIvQsoaRnC5HBSQiSoAdJES+nCjEyF+5v0g=
github.com/eens1/config v0.0.0-20241122051933-f2625e285e94/go.mod h1:WccIBwO6Cw5wlt2HJ3katlH0qZNQeeaLX7+GkVR0FmI=
github.com/eens1/config v0.0.0-20241122052149-5604b7dee533 h1:F9niHhaRwv4HAqeDyuPCRivmOSXsG6uS4z4ukdTKcv0=
github.com/eens1/config v0.0.0-20241122052149-5604b7dee533/go.mod h1:WccIBwO6Cw5wlt2HJ3katlH0qZNQeeaLX7+GkVR0FmI=
github.com/eens1/config v0.0.0-20241122052438-064e9b9bfaf5 h1:qoogMa8aewQJ+FRMpM8WCw1IZkdRHRG2HTdfeBJU0S8=
github.com/eens1/config v0.0.0-20241122052438-064e9b9bfaf5/go.mod h1:WccIBwO6Cw5wlt2HJ3katlH0qZNQeeaLX7+GkVR0FmI=
github.com/eens1/config v0.0.0-20241122052838-095b8d6541fb h1:K2EncSrIhvH4/5UwcsypPMNzQLbuEneQjB8PK/AUMKk=
github.com/eens1/config v0.0.0-20241122052838-095b8d6541fb/go.mod h1:WccIBwO6Cw5wlt2HJ3katlH0qZNQeeaLX7+GkVR0FmI=
github.com/eens1/config v0.0.0-20241122053301-e96798695681 h1:S7qXlKdKOz68jYE/SxE3jjEQQCe/BjzvrmEYQSThKEM=
github.com/eens1/config v0.0.0-20241122053301-e96798695681/go.mod h1:WccIBwO6Cw5wlt2HJ3katlH0qZNQeeaLX7+GkVR0FmI=
github.com/eens1/config v0.0.0-20241122053341-b0cc239c079b h1:P8nlutr8UZoj6sAcRaqjruqRb/lv1XJIQ4hV0VO7DCI=
github.com/eens1/config v0.0.0-20241122053341-b0cc239c079b/go.mod h1:WccIBwO6Cw5wlt2HJ3katlH0qZNQeeaLX7+GkVR0FmI=
github.com/eens1/config v0.0.0-20241122053407-dad185a3f291 h1:5UQ6zdzkeJwcjU7XxmaFGCgC+wi5FhGVMhDU2VOKgxE=
github.com/eens1/config v0.0.0-20241122053407-dad185a3f291/go.mod h1:WccIBwO6Cw5wlt2HJ3katlH0qZNQeeaLX7+GkVR0FmI=
github.com/eens1/config v0.0.0-20241122053455-aa566fcaa48f h1:vtHA8GnlOIcmBBg0KTUYeoztNv9aL4/iId7zMvrAoD4=
github.com/eens1/config v0.0.0-20241122053455-aa566fcaa48f/go.mod h1:WccIBwO6Cw5wlt2HJ3katlH0qZNQeeaLX7+GkVR0FmI=
github.com/eens1/config v0.0.0-20241122053624-239de9c65748 h1:7wgS7cC9xiglMQ5oCs2CvlI6WvLBZ0AK5UIWeLpmxIE=
github.com/eens1/config v0.0.0-20241122053624-239de9c65748/go.mod h1:WccIBwO6Cw5wlt2HJ3katlH0qZNQeeaLX7+GkVR0FmI=
github.com/eens1/config v0.0.0-20241122053751-7572ff57c60a h1:sRNtm8V7qBYdaWXpa33svDIF9mkUKBAoT17gEs9CUF4=
github.com/eens1/config v0.0.0-20241122053751-7572ff57c60a/go.mod h1:WccIBwO6Cw5wlt2HJ3katlH0qZNQeeaLX7+GkVR0FmI=
github.com/eens1/config v0.0.0-20241122053815-41ccdf07d632 h1:vO/Q87aDFlmy94DTk9puitAlMAwy6LtKB21k76W5vp4=
github.com/eens1/config v0.0.0-20241122053815-41ccdf07d632/go.mod h1:WccIBwO6Cw5wlt2HJ3katlH0qZNQeeaLX7+GkVR0FmI=
github.com/eens1/config v0.0.0-20241122054108-d29032cba0ba h1:SMRCvxJoNyVf0zFl7itblbPMsbMTi3mKFHgX2vfDQjE=
github.com/eens1/config v0.0.0-20241122054108-d29032cba0ba/go.mod h1:WccIBwO6Cw5wlt2HJ3katlH0qZNQeeaLX7+GkVR0FmI=
github.com/eens1/config v0.0.0-20241122054241-de923767a519 h1:ojpqt1RgDfK1fg2IZ3aLbtec3Cs8DVZxGwdAAWBpMb8=
github.com/eens1/config v0.0.0-20241122054241-de923767a519/go.mod h1:WccIBwO6Cw5wlt2HJ3katlH0qZNQeeaLX7+GkVR0FmI=
github.com/eens1/config v0.0.0-20241122054312-8a7ff84d98ff h1:7OgVCwzwz2LQSSSp1T1+UJOTz8HUG36F+RwJe8gQWUM=
github.com/eens1/config v0.0.0-20241122054312-8a7ff84d98ff/go.mod h1:WccIBwO6Cw5wlt2HJ3katlH0qZNQeeaLX7+GkVR0FmI=
github.com/eens1/config v0.0.0-20241122054406-c853a1fbe8a0 h1:QZqIsL2IHTAnAyrTj7aOWNRXxKbfi25YolmuN1DLWX4=
github.com/eens1/config v0.0.0-20241122054406-c853a1fbe8a0/go.mod h1:WccIBwO6Cw5wlt2HJ3katlH0qZNQeeaLX7+GkVR0FmI=
github.com/eens1/config v0.0.0-20241122054440-ec1169501b3b h1:PNg+jgHndRgGlA+3TQtxaHQ8c+T1pS0a71C3eo+Vv40=
github.com/eens1/config v0.0.0-20241122054440-ec1169501b3b/go.mod h1:WccIBwO6Cw5wlt2HJ3katlH0qZNQeeaLX7+GkVR0FmI=
github.com/eens1/config v0.0.0-20241122054528-420eb1da0e87 h1:OI+7Rqdf8tDfydEkt9MV03UecfiZ2IFWOH/1F4ntsbg=
github.com/eens1/config v0.0.0-20241122054528-420eb1da0e87/go.mod h1:WccIBwO6Cw5wlt2HJ3katlH0qZNQeeaLX7+GkVR0FmI=
github.com/eens1/config v0.0.0-20241122054745-b3fb6c3b2e22 h1:uEZlXd7Ml+jhhhes/kXyEYiynBw2OKHZOWHb5S8+pKo=
github.com/eens1/config v0.0.0-20241122054745-b3fb6c3b2e22/go.mod h1:WccIBwO6Cw5wlt2HJ3katlH0qZNQeeaLX7+GkVR0FmI=
github.com/eens1/config v0.0.0-20241122055041-41e7ae8f841e h1:JMypsVmI0fNNfw0E8eXAkqd2FLorL45omyob9hM2spU=
github.com/eens1/config v0.0.0-20241122055041-41e7ae8f841e/go.mod h1:WccIBwO6Cw5wlt2HJ3katlH0qZNQeeaLX7+GkVR0FmI=
github.com/eens1/config v0.0.0-20241122055556-b878a986199e h1:gXamTmvnEI7UA8356P4cBzWZ1cvN9ic9pgmaHzMigk8=
github.com/eens1/config v0.0.0-20241122055556-b878a986199e/go.mod h1:WccIBwO6Cw5wlt2HJ3katlH0qZNQeeaLX7+GkVR0FmI=
github.com/eens1/config v0.0.0-20241122055732-43a2bdea938c h1:Z3LXp9yq/ZCuFo3lQ5lcK83KGCtnm+lLJqOLIo0g1PU=
github.com/eens1/config v0.0.0-20241122055732-43a2bdea938c/go.mod h1:WccIBwO6Cw5wlt2HJ3katlH0qZNQeeaLX7+GkVR0FmI=
github.com/eens1/config v0.0.0-20241122055849-ab700941008a h1:5IAhF3UXrrqGpn9/Dv8F7vIMgUvWNTmhRqxqMil5rEg=
github.com/eens1/config v0.0.0-20241122055849-ab700941008a/go.mod h1:WccIBwO6Cw5wlt2HJ3katlH0qZNQeeaLX7+GkVR0FmI=
github.com/eens1/config v0.0.0-20241122060058-00fa19bb6761 h1:h5cUxil2MCYlp1hpiMrtlUiMPu5LBzuOs2pZmoX+uX0=
github.com/eens1/config v0.0.0-20241122060058-00fa19bb6761/go.mod h1:WccIBwO6Cw5wlt2HJ3katlH0qZNQeeaLX7+GkVR0FmI=
github.com/eens1/config v0.0.0-20241122060130-8f22335bb00f h1:XbbSwX05ubwGykD3JGkaGYhXfV5cSx5U7EgGgNcjK/Y=
github.com/eens1/config v0.0.0-20241122060130-8f22335bb00f/go.mod h1:WccIBwO6Cw5wlt2HJ3katlH0qZNQeeaLX7+GkVR0FmI=
github.com/eens1/config v0.0.0-20241122060630-76929bce0fe3 h1:3LYSXHfBazdp7rNnV/EBwNYdctqPAp+AEjuAxQBAQbg=
github.com/eens1/config v0.0.0-20241122060630-76929bce0fe3/go.mod h1:WccIBwO6Cw5wlt2HJ3katlH0qZNQeeaLX7+GkVR0FmI=
github.com/eens1/config v0.0.0-20241122060702-7782546167e5 h1:tx2YUSltgH4iXw+R6K+DyI2p7+EfPKZCwSXIKMAjGkA=
github.com/eens1/config v0.0.0-20241122060702-7782546167e5/go.mod h1:WccIBwO6Cw5wlt2HJ3katlH0qZNQeeaLX7+GkVR0FmI=
github.com/eens1/config v0.0.0-20241122060913-bd19bbc4ca1b h1:hnSvb9HfLfHtgxVdlp+9b4yjE35xXk3RSxkdyaplfJc=
github.com/eens1/config v0.0.0-20241122060913-bd19bbc4ca1b/go.mod h1:WccIBwO6Cw5wlt2HJ3katlH0qZNQeeaLX7+GkVR0FmI=
github.com/eens1/config v0.0.0-20241122061150-f6a9c08e7bc0 h1:H/XeaM+CRdUYoIvWzIK0reattemW1djnP/ewX5U+zFY=
github.com/eens1/config v0.0.0-20241122061150-f6a9c08e7bc0/go.mod h1:WccIBwO6Cw5wlt2HJ3katlH0qZNQeeaLX7+GkVR0FmI=
github.com/eens1/config v0.0.0-20241122061228-6c7fb0ff9b1c h1:6v1nKYaqRwFZeh1NXkMH40uLyqh/ekl4SA5ijuv4tvc=
github.com/eens1/config v0.0.0-20241122061228-6c7fb0ff9b1c/go.mod h1:WccIBwO6Cw5wlt2HJ3katlH0qZNQeeaLX7+GkVR0FmI=
github.com/eens1/config v0.0.0-20241122061405-2c5a2cdbc822 h1:svY0FU7vdspykS67GNWQD3Z9j7U/UjD4XzM43q+H3ds=
github.com/eens1/config v0.0.0-20241122061405-2c5a2cdbc822/go.mod h1:WccIBwO6Cw5wlt2HJ3katlH0qZNQeeaLX7+GkVR0FmI=
github.com/eens1/config v0.0.0-20241122061912-aa7bf817fdb4 h1:5f1atLWkeD5oS+N2KIAiDHLJfM37VM8g/+TKZ7q0icA=
github.com/eens1/config v0.0.0-20241122061912-aa7bf817fdb4/go.mod h1:WccIBwO6Cw5wlt2HJ3katlH0qZNQeeaLX7+GkVR0FmI=
github.com/eens1/config v0.0.0-20241122062125-0991ca2d1cdc h1:AwF0WeG93At3+YxpyMbjPQLrYd5AqC9R2aco0qxLjmo=
github.com/eens1/config v0.0.0-20241122062125-0991ca2d1cdc/go.mod h1:WccIBwO6Cw5wlt2HJ3katlH0qZNQeeaLX7+GkVR0FmI=
github.com/eens1/config v0.0.0-20241122062344-ea887bb109dd h1:hPbwOQ0ZtW+4vHO1eKvQ5xjVYaoAGnkx2+2EZ//LOTY=
github.com/eens1/config v0.0.0-20241122062344-ea887bb109dd/go.mod h1:WccIBwO6Cw5wlt2HJ3katlH0qZNQeeaLX7+GkVR0FmI=
github.com/eens1/config v0.0.0-20241122062409-c80bd810ced8 h1:lq1OOr5lh40P4cYxtAptcam4Wh9ytun5uNZZqZhorno=
github.com/eens1/config v0.0.0-20241122062409-c80bd810ced8/go.mod h1:WccIBwO6Cw5wlt2HJ3katlH0qZNQeeaLX7+GkVR0FmI=
github.com/eens1/config v0.0.0-20241122062534-1154a71920c0 h1:2FDp/tvRoKmh4OpQLYHmK8pengbiOPkSaieyidReLm8=
github.com/eens1/config v0.0.0-20241122062534-1154a71920c0/go.mod h1:WccIBwO6Cw5wlt2HJ3katlH0qZNQeeaLX7+GkVR0FmI=
github.com/eens1/config v0.0.0-20241122070249-77045331cd4e h1:r2g2hUWg58aI7dmSkanNb2/sOKUU/uwUCl3M9tFNgQA=
github.com/eens1/config v0.0.0-20241122070249-77045331cd4e/go.mod h1:WccIBwO6Cw5wlt2HJ3katlH0qZNQeeaLX7+GkVR0FmI=
github.com/eens1/config v0.0.0-20241122070350-b0d253ea0094 h1:T4mQQUI92f9AC3ViD4+PQ+GZ1g78Rfg5uXmYQ+5LpHY=
github.com/eens1/config v0.0.0-20241122070350-b0d253ea0094/go.mod h1:WccIBwO6Cw5wlt2HJ3katlH0qZNQeeaLX7+GkVR0FmI=
github.com/eens1/config v0.0.0-20241122070623-e4e3608b865f h1:ZM5GZ1c2XAxLUpYLd0MD5mzoF+elw/DmTvC8Z+sBmVc=
github.com/eens1/config v0.0.0-20241122070623-e4e3608b865f/go.mod h1:WccIBwO6Cw5wlt2HJ3katlH0qZNQeeaLX7+GkVR0FmI=
github.com/eens1/config v0.0.0-20241122070721-a802c045a41e h1:3py7mdFAwQ7m5TKmJBZqks87AlZidQLEsSDraHbu+/c=
github.com/eens1/config v0.0.0-20241122070721-a802c045a41e/go.mod h1:WccIBwO6Cw5wlt2HJ3katlH0qZNQeeaLX7+GkVR0FmI=
github.com/eens1/config v0.0.0-20241122070945-8b4a86633fb0 h1:Qt64MDaMS/JyR8fy0LcwtE0/yfqVsturkFTxCiDwuEE=
github.com/eens1/config v0.0.0-20241122070945-8b4a86633fb0/go.mod h1:WccIBwO6Cw5wlt2HJ3katlH0qZNQeeaLX7+GkVR0FmI=
github.com/eens1/config v0.0.0-20241122071629-39ad65a1124d h1:/fjU+qgKjcx3FMEmbTscXHn+ikPQ/spIMEV9pTbPz6A=
github.com/eens1/config v0.0.0-20241122071629-39ad65a1124d/go.mod h1:WccIBwO6Cw5wlt2HJ3katlH0qZNQeeaLX7+GkVR0FmI=
github.com/eens1/config v0.0.0-20241122072102-3a2d1075d529 h1:HrQk73Z+WvAIOi73mOX9YDrf5g+VqzSKKTBJhjyyZS8=
github.com/eens1/config v0.0.0-20241122072102-3a2d1075d529/go.mod h1:WccIBwO6Cw5wlt2HJ3katlH0qZNQeeaLX7+GkVR0FmI=
github.com/eens1/config v0.0.0-20241122072349-1d2671d1d930 h1:pjEeVkyaS3lU7xmK2TrLzY05JwRAWt1wrQGqC7qEUVc=
github.com/eens1/config v0.0.0-20241122072349-1d2671d1d930/go.mod h1:WccIBwO6Cw5wlt2HJ3katlH0qZNQeeaLX7+GkVR0FmI=
github.com/eens1/config v0.0.0-20241122101027-443158a92beb h1:vsOPaxzzARbzVyT8JkwYzsEEn23oDp4x/i8yOrbzsj8=
github.com/eens1/config v0.0.0-20241122101027-443158a92beb/go.mod h1:WccIBwO6Cw5wlt2HJ3katlH0qZNQeeaLX7+GkVR0FmI=
github.com/eens1/config v0.0.0-20241122101055-d9174e851e67 h1:lAr+o6S4q3unG020hsvldO7IsVtJ8HAowkCxSYCM0DA=
github.com/eens1/config v0.0.0-20241122101055-d9174e851e67/go.mod h1:WccIBwO6Cw5wlt2HJ3katlH0qZNQeeaLX7+GkVR0FmI=
github.com/eens1/config v0.0.0-20241122101141-fe8b0e0fde68 h1:P6JSDcItGUv9IrU12/kNeUKdNifIsLA0zab8vjE5fq0=
github.com/eens1/config v0.0.0-20241122101141-fe8b0e0fde68/go.mod h1:WccIBwO6Cw5wlt2HJ3katlH0qZNQeeaLX7+GkVR0FmI=
github.com/eens1/config v0.0.0-20241122101203-b7b54fa5ee1f h1:c/FG9v16KH3C0xFG7p6psCp/WEc/cBqpg5jUy4ssHAI=
github.com/eens1/config v0.0.0-20241122101203-b7b54fa5ee1f/go.mod h1:WccIBwO6Cw5wlt2HJ3katlH0qZNQeeaLX7+GkVR0FmI=
github.com/eens1/config v0.0.0-20241122101357-5c7b4a33e70a h1:iEMStHH2tjKiMbS9Ds9Xvbqiu21+kg+R2dTS0knFEqU=
github.com/eens1/config v0.0.0-20241122101357-5c7b4a33e70a/go.mod h1:WccIBwO6Cw5wlt2HJ3katlH0qZNQeeaLX7+GkVR0FmI=
github.com/eens1/config v0.0.0-20241122101709-5e077c2a87c4 h1:Bk50Iw9a7VyTPOkejHgIDSVcAHEX76XaG3RRgQy4IpE=
github.com/eens1/config v0.0.0-20241122101709-5e077c2a87c4/go.mod h1:WccIBwO6Cw5wlt2HJ3katlH0qZNQeeaLX7+GkVR0FmI=
github.com/eens1/config v0.0.0-20241122102146-045d6b284e16 h1:CxZRF4aOlEtoCpQpbhP26cKWElX0rmyAGFSZq34zy/s=
github.com/eens1/config v0.0.0-20241122102146-045d6b284e16/go.mod h1:WccIBwO6Cw5wlt2HJ3katlH0qZNQeeaLX7+GkVR0FmI=
github.com/eens1/config v0.0.0-20241122102314-7207efb90281 h1:mTN/wVyaqGuTw9sOcjMimC/p3e0AqKkE00R7vSpo8qE=
github.com/eens1/config v0.0.0-20241122102314-7207efb90281/go.mod h1:WccIBwO6Cw5wlt2HJ3katlH0qZNQeeaLX7+GkVR0FmI=
github.com/eens1/config v0.0.0-20241122102407-0e98d116b938 h1:aLZQKO67AYYm/6FKa91iCgN+Db8YJ1fmo08x9kV39LU=
github.com/eens1/config v0.0.0-20241122102407-0e98d116b938/go.mod h1:WccIBwO6Cw5wlt2HJ3katlH0qZNQeeaLX7+GkVR0FmI=
github.com/eens1/config v0.0.0-20241122102531-5e3c0d6f39c6 h1:MUIyUZtvbKXLgl2dA6XZgpeUMSOhKsRno982ZFx3v4E=
github.com/eens1/config v0.0.0-20241122102531-5e3c0d6f39c6/go.mod h1:WccIBwO6Cw5wlt2HJ3katlH0qZNQeeaLX7+GkVR0FmI=
github.com/eens1/config v0.0.0-20241122102621-0af6db627d03 h1:NjjZSwPwBwk1DF0tS42cJxuhm1KZfd95IZVnRsfzXd0=
github.com/eens1/config v0.0.0-20241122102621-0af6db627d03/go.mod h1:WccIBwO6Cw5wlt2HJ3katlH0qZNQeeaLX7+GkVR0FmI=
github.com/eens1/config v0.0.0-20241122102724-d3ed87d8e96b h1:5l0MIQnr4ZlLdp4tw4b6vp4ZFnlfFvbXvo/lTEQdw3o=
github.com/eens1/config v0.0.0-20241122102724-d3ed87d8e96b/go.mod h1:WccIBwO6Cw5wlt2HJ3katlH0qZNQeeaLX7+GkVR0FmI=
github.com/eens1/config v0.0.0-20241122102857-4537ee4448c6 h1:rBnLJTWIRbhwu/kfFiLgOPcin4LZ2b4klVN/hLFM5KI=
github.com/eens1/config v0.0.0-20241122102857-4537ee4448c6/go.mod h1:WccIBwO6Cw5wlt2HJ3katlH0qZNQeeaLX7+GkVR0FmI=
github.com/eens1/config v0.0.0-20241122102959-cf5524833cd4 h1:511iIj+WIXBhv5ntDQfhBq4KixQ5X59UHKth2xzsHic=
github.com/eens1/config v0.0.0-20241122102959-cf5524833cd4/go.mod h1:WccIBwO6Cw5wlt2HJ3katlH0qZNQeeaLX7+GkVR0FmI=
github.com/eens1/config v0.0.0-20241122104201-89b5865627ba h1:ZKw4xzlYn8vnOlxsY2WX3waZ7Yv3sG3tWZB6MTjALQY=
github.com/eens1/config v0.0.0-20241122104201-89b5865627ba/go.mod h1:WccIBwO6Cw5wlt2HJ3katlH0qZNQeeaLX7+GkVR0FmI=
github.com/eens1/config v0.0.0-20241122104301-3e84e3866fa2 h1:SFawu6vW0Qq+ODFUEhzJStUVjTtqAIvVKiwtVMJYQHM=
github.com/eens1/config v0.0.0-20241122104301-3e84e3866fa2/go.mod h1:WccIBwO6Cw5wlt2HJ3katlH0qZNQeeaLX7+GkVR0FmI=
github.com/eens1/config v0.0.0-20241122110508-7bd3d5a85803 h1:AzATGbgcYNB9RbTlDp/2mxKTVvDeBebFXSDyCjToBzg=
github.com/eens1/config v0.0.0-20241122110508-7bd3d5a85803/go.mod h1:WccIBwO6Cw5wlt2HJ3katlH0qZNQeeaLX7+GkVR0FmI=
github.com/eens1/config v0.0.0-20241122110658-a43df78688ed h1:EJljeNlLnKUvwQg3R39nmA9blrnG5XsDZPWCuxr5oCo=
github.com/eens1/config v0.0.0-20241122110658-a43df78688ed/go.mod h1:WccIBwO6Cw5wlt2HJ3katlH0qZNQeeaLX7+GkVR0FmI=
github.com/eens1/config v0.0.0-20241122111323-54f9a8aa3861 h1:ugQwwbLgWqIHZSxg2emuvodQLzGSHuDOeNTC8B99mZ4=
github.com/eens1/config v0.0.0-20241122111323-54f9a8aa3861/go.mod h1:WccIBwO6Cw5wlt2HJ3katlH0qZNQeeaLX7+GkVR0FmI=
github.com/eens1/config v0.0.0-20241122111748-ee4b0d18f095 h1:DtaFX08W/l1sgSPwA5zGZoKXWCeqNHeRkHkvY/vQJK0=
github.com/eens1/config v0.0.0-20241122111748-ee4b0d18f095/go.mod h1:WccIBwO6Cw5wlt2HJ3katlH0qZNQeeaLX7+GkVR0FmI=
github.com/eens1/config v0.0.0-20241122111855-67aff6a5d8ac h1:1aegyX+RS4z0Zp9NIwy64Q2VGKYpkAFweneUt4E+BSo=
github.com/eens1/config v0.0.0-20241122111855-67aff6a5d8ac/go.mod h1:WccIBwO6Cw5wlt2HJ3katlH0qZNQeeaLX7+GkVR0FmI=
github.com/eens1/config v0.0.0-20241122111945-ba023300cafe h1:tHwtsNudPx0JVWdlxqrE8qmGU5BdBtnjHNaFUs+ZpGs=
github.com/eens1/config v0.0.0-20241122111945-ba023300cafe/go.mod h1:WccIBwO6Cw5wlt2HJ3katlH0qZNQeeaLX7+GkVR0FmI=
github.com/eens1/config v0.0.0-20241122112023-e4b26e923f2d h1:NGtGIb0iuVdkoP7MWS3cmYEFP/CnoBOnc8Gu08A1q3k=
github.com/eens1/config v0.0.0-20241122112023-e4b26e923f2d/go.mod h1:WccIBwO6Cw5wlt2HJ3katlH0qZNQeeaLX7+GkVR0FmI=
github.com/eens1/config v0.0.0-20241122112340-6da3b79772ee h1:iTdszojjFWOtmQ7qKNOXaCk2xaFlXm8i2ZxFCrPJt3w=
github.com/eens1/config v0.0.0-20241122112340-6da3b79772ee/go.mod h1:WccIBwO6Cw5wlt2HJ3katlH0qZNQeeaLX7+GkVR0FmI=
github.com/eens1/config v0.0.0-20241122112403-81e5196d3a8b h1:xngVMrZtrlxobJXl4oXZglXLcdCmHJuEsRLyrZ+WoeM=
github.com/eens1/config v0.0.0-20241122112403-81e5196d3a8b/go.mod h1:WccIBwO6Cw5wlt2HJ3katlH0qZNQeeaLX7+GkVR0FmI=
github.com/eens1/config v0.0.0-20241122112515-c3353605a51c h1:67vR7FeKAJ0A/+b3cl+rmJtOAkbU4Q25tlMKRt7YRhg=
github.com/eens1/config v0.0.0-20241122112515-c3353605a51c/go.mod h1:WccIBwO6Cw5wlt2HJ3katlH0qZNQeeaLX7+GkVR0FmI=
github.com/eens1/config v0.0.0-20241122113151-b94827b631b0 h1:kcKadXAIyUGxcJTZFpNWkWEgSmVJc+c+HC1j08TH2ss=
github.com/eens1/config v0.0.0-20241122113151-b94827b631b0/go.mod h1:WccIBwO6Cw5wlt2HJ3katlH0qZNQeeaLX7+GkVR0FmI=
github.com/eens1/config v0.0.0-20241122113334-52f4eabf17d0 h1:vRgNA4y6QBMRaMTH04NZpK9TR3PVGkqGq4hBUtXI3sM=
github.com/eens1/config v0.0.0-20241122113334-52f4eabf17d0/go.mod h1:WccIBwO6Cw5wlt2HJ3katlH0qZNQeeaLX7+GkVR0FmI=
github.com/eens1/config v0.0.0-20241122114017-fc828b88bf6f h1:F51JBjNufFl2A5/us/DMnMXovxMhhtkyxnQLRzaOOoU=
github.com/eens1/config v0.0.0-20241122114017-fc828b88bf6f/go.mod h1:WccIBwO6Cw5wlt2HJ3katlH0qZNQeeaLX7+GkVR0FmI=
github.com/eens1/config v0.0.0-20241122114145-8183ae87e2e2 h1:6TCXk7ePXobdNm9UULyThVesdQI7lQdh7HaW+6pCgwg=
github.com/eens1/config v0.0.0-20241122114145-8183ae87e2e2/go.mod h1:WccIBwO6Cw5wlt2HJ3katlH0qZNQeeaLX7+GkVR0FmI=
github.com/eens1/config v0.0.0-20241122114238-b9e6ead42feb h1:NUeNIKig4GklnHN+8ATBJepkq9swolq5ON5++K5tzGY=
github.com/eens1/config v0.0.0-20241122114238-b9e6ead42feb/go.mod h1:WccIBwO6Cw5wlt2HJ3katlH0qZNQeeaLX7+GkVR0FmI=
github.com/eens1/config v0.0.0-20241122114704-cb0943a1b9e8 h1:uS4VciE+PkDP7/r6vUlNayvJ0C6gZbRnJ+/AomtxMaM=
github.com/eens1/config v0.0.0-20241122114704-cb0943a1b9e8/go.mod h1:WccIBwO6Cw5wlt2HJ3katlH0qZNQeeaLX7+GkVR0FmI=
github.com/eens1/config v0.0.0-20241122114827-4b0bd53bd21b h1:ii7F34BNwlUheKAFWT2Hf5kQSYUpZF9pKX/psW9LXF4=
github.com/eens1/config v0.0.0-20241122114827-4b0bd53bd21b/go.mod h1:WccIBwO6Cw5wlt2HJ3katlH0qZNQeeaLX7+GkVR0FmI=
github.com/eens1/config v0.0.0-20241122114941-79174a01ca6d h1:HEEz0psohyPpVgDBKzzHbYVx6bPbpOnD5SQomVqhlMI=
github.com/eens1/config v0.0.0-20241122114941-79174a01ca6d/go.mod h1:WccIBwO6Cw5wlt2HJ3katlH0qZNQeeaLX7+GkVR0FmI=
github.com/eens1/config v0.0.0-20241122115211-1449e1ce67e3 h1:sdagGWOjQdIPqgPeVnGligfBpb70QdbgzqETt1YjCGc=
github.com/eens1/config v0.0.0-20241122115211-1449e1ce67e3/go.mod h1:WccIBwO6Cw5wlt2HJ3katlH0qZNQeeaLX7+GkVR0FmI=
github.com/eens1/config v0.0.0-20241122115255-cce7af17b634 h1:FPXdAW2MqPpfL+cCBP5K4/Kd6uC00x3qiQ34F87Bf9c=
github.com/eens1/config v0.0.0-20241122115255-cce7af17b634/go.mod h1:WccIBwO6Cw5wlt2HJ3katlH0qZNQeeaLX7+GkVR0FmI=
github.com/eens1/config v0.0.0-20241122115345-69a65ecbf064 h1:9rOdg3dGZwyEq+YyC9tYpDu8wHETafOzK3jTlkE1CPI=
github.com/eens1/config v0.0.0-20241122115345-69a65ecbf064/go.mod h1:WccIBwO6Cw5wlt2HJ3katlH0qZNQeeaLX7+GkVR0FmI=
github.com/eens1/config v0.0.0-20241122115511-fb2d9fc52522 h1:Yf56kKHsnUMypQi46PDIQDzkH5Yu7EEsd65pJ+ZQD4Y=
github.com/eens1/config v0.0.0-20241122115511-fb2d9fc52522/go.mod h1:WccIBwO6Cw5wlt2HJ3katlH0qZNQeeaLX7+GkVR0FmI=
github.com/eens1/config v0.0.0-20241122115610-46084983aea9 h1:G9TR0C4PhiIAl1uaCnoVFThYBZ2yyIYlVzIOUJ2z5lo=
github.com/eens1/config v0.0.0-20241122115610-46084983aea9/go.mod h1:WccIBwO6Cw5wlt2HJ3katlH0qZNQeeaLX7+GkVR0FmI=
github.com/eens1/config v0.0.0-20241122115719-0a2cdfcd11ba h1:jsEgS7w8YU+whjSrAYmzUp+k/MnKOOgA89t4OP4jaR4=
github.com/eens1/config v0.0.0-20241122115719-0a2cdfcd11ba/go.mod h1:WccIBwO6Cw5wlt2HJ3katlH0qZNQeeaLX7+GkVR0FmI=
github.com/eens1/config v0.0.0-20241122115847-93d540fa3d33 h1:jxwUmeM7JYmfTFjsk0MAj4FyxPiFIUt6S+1EQ52lPWE=
github.com/eens1/config v0.0.0-20241122115847-93d540fa3d33/go.mod h1:WccIBwO6Cw5wlt2HJ3katlH0qZNQeeaLX7+GkVR0FmI=
github.com/eens1/config v0.0.0-20241122122048-252ffcb95b0b h1:EnUi+LsdSC4MRnfjhfROwejlO+elAo15mpvfMq+MhEI=
github.com/eens1/config v0.0.0-20241122122048-252ffcb95b0b/go.mod h1:WccIBwO6Cw5wlt2HJ3katlH0qZNQeeaLX7+GkVR0FmI=
github.com/eens1/config v0.0.0-20241122122727-0549e5515fba h1:sMU2BEDTlSJ3+NQRl+6L7MWGbCJHvvquQWxuWVFgbag=
github.com/eens1/config v0.0.0-20241122122727-0549e5515fba/go.mod h1:WccIBwO6Cw5wlt2HJ3katlH0qZNQeeaLX7+GkVR0FmI=
github.com/eens1/config v0.0.0-20241122122949-4a62f79bb433 h1:KZ/C4SXJxo5pNpE0HeVT1w723PHFRL8JYRk0eZtArXc=
github.com/eens1/config v0.0.0-20241122122949-4a62f79bb433/go.mod h1:WccIBwO6Cw5wlt2HJ3katlH0qZNQeeaLX7+GkVR0FmI=
github.com/eens1/config v0.0.0-20241122123059-d1e74db65c42 h1:VqbDLiLTYG6QrdpAK9lsy/Ne8VqNdBD/3DOQ1aBBZEU=
github.com/eens1/config v0.0.0-20241122123059-d1e74db65c42/go.mod h1:WccIBwO6Cw5wlt2HJ3katlH0qZNQeeaLX7+GkVR0FmI=
github.com/eens1/config v0.0.0-20241122123125-16ab448d4e78 h1:o4mMEutNTujCi35jidlu7+c1vNX7XJ/X7JpQ/ocp6mo=
github.com/eens1/config v0.0.0-20241122123125-16ab448d4e78/go.mod h1:WccIBwO6Cw5wlt2HJ3katlH0qZNQeeaLX7+GkVR0FmI=
github.com/eens1/config v0.0.0-20241122123148-37be259566fe h1:D9+rvB2p/A7gMEQCJmj/7oAb7PEZpB2dJv4+M/nf3q4=
github.com/eens1/config v0.0.0-20241122123148-37be259566fe/go.mod h1:WccIBwO6Cw5wlt2HJ3katlH0qZNQeeaLX7+GkVR0FmI=
github.com/eens1/config v0.0.0-20241122123916-6a90a6890587 h1:7cBs1IBDL8+akNRi2qRWPYZaA5PpALZuhdMkZdFsVo8=
github.com/eens1/config v0.0.0-20241122123916-6a90a6890587/go.mod h1:WccIBwO6Cw5wlt2HJ3katlH0qZNQeeaLX7+GkVR0FmI=
github.com/eens1/config v0.0.0-20241122123950-7cd062286395 h1:eT3rrihc58txuRuONBlxcjZg8c6sTZHEsNfOj7asVfM=
github.com/eens1/config v0.0.0-20241122123950-7cd062286395/go.mod h1:WccIBwO6Cw5wlt2HJ3katlH0qZNQeeaLX7+GkVR0FmI=
github.com/eens1/config v0.0.0-20241122124326-7ef74050f083 h1:1eNrDQYpowsxAbj9SBuiBibn2ljm3ouUpcJtV5YEkL8=
github.com/eens1/config v0.0.0-20241122124326-7ef74050f083/go.mod h1:WccIBwO6Cw5wlt2HJ3katlH0qZNQeeaLX7+GkVR0FmI=
github.com/eens1/config v0.0.0-20241122125104-31c9fbce0ef0 h1:HaUZAL/C9C7B2tMVOjbo3lU2yHU7kznwR3Xl5PoiPqU=
github.com/eens1/config v0.0.0-20241122125104-31c9fbce0ef0/go.mod h1:WccIBwO6Cw5wlt2HJ3katlH0qZNQeeaLX7+GkVR0FmI=
github.com/eens1/config v0.0.0-20241122125304-74cdeb6b02a3 h1:TxXjleFvPLCTsSfsqglRPSVqRFpZnEL/fFLUvY1GeFU=
github.com/eens1/config v0.0.0-20241122125304-74cdeb6b02a3/go.mod h1:WccIBwO6Cw5wlt2HJ3katlH0qZNQeeaLX7+GkVR0FmI=
github.com/eens1/config v0.0.0-20241122151800-a657592bad8e h1:CjUHmY9vIQ5a5SSU88mD9kc5hwQf5L/0vROrvixsQjk=
github.com/eens1/config v0.0.0-20241122151800-a657592bad8e/go.mod h1:WccIBwO6Cw5wlt2HJ3katlH0qZNQeeaLX7+GkVR0FmI=
github.com/eens1/config v0.0.0-20241122151913-8ffe5b794a3a h1:F1NnKGVxi/7D7INx+El7rfmWbSu7dgnTImAM6WyGkXs=
github.com/eens1/config v0.0.0-20241122151913-8ffe5b794a3a/go.mod h1:WccIBwO6Cw5wlt2HJ3katlH0qZNQeeaLX7+GkVR0FmI=
github.com/eens1/config v0.0.0-20241122151934-c81133bf8b80 h1:0HDnJ+Wm/BE8gY7zlnmWuHAQ+2w7xjNIkLZhYrITlVc=
github.com/eens1/config v0.0.0-20241122151934-c81133bf8b80/go.mod h1:WccIBwO6Cw5wlt2HJ3katlH0qZNQeeaLX7+GkVR0FmI=
github.com/eens1/config v0.0.0-20241122152027-0a49587e141e h1:1hvWXFpHLsaCsOyz/EnF7J+Ym3TaWQHZg/z0QRslKoY=
github.com/eens1/config v0.0.0-20241122152027-0a49587e141e/go.mod h1:WccIBwO6Cw5wlt2HJ3katlH0qZNQeeaLX7+GkVR0FmI=
github.com/eens1/config v0.0.0-20241122152046-f5d741ebc6e4 h1:E2BpCOWECbG/5MMAlFFxFGMNZsEibh4s4r2B7XAa+ps=
github.com/eens1/config v0.0.0-20241122152046-f5d741ebc6e4/go.mod h1:WccIBwO6Cw5wlt2HJ3katlH0qZNQeeaLX7+GkVR0FmI=
github.com/eens1/config v0.0.0-20241122152212-d0c166960648 h1:XjBN/m3Ol5143Lej9RMhN+Y3W3ik7qGCzyNcCjwMMMw=
github.com/eens1/config v0.0.0-20241122152212-d0c166960648/go.mod h1:WccIBwO6Cw5wlt2HJ3katlH0qZNQeeaLX7+GkVR0FmI=
github.com/eens1/config v0.0.0-20241122152321-1182bd287c7a h1:kwrs0eae0MESV4eSlvGzGMVR7wv7QG7X/cusY0i7Hzs=
github.com/eens1/config v0.0.0-20241122152321-1182bd287c7a/go.mod h1:WccIBwO6Cw5wlt2HJ3katlH0qZNQeeaLX7+GkVR0FmI=
github.com/eens1/config v0.0.0-20241122152344-d8b200b83271 h1:wJRR+mLfZd/cyOVqw/K7JZ3TKrZsYgFPq/46oxcXNik=
github.com/eens1/config v0.0.0-20241122152344-d8b200b83271/go.mod h1:WccIBwO6Cw5wlt2HJ3katlH0qZNQeeaLX7+GkVR0FmI=
github.com/eens1/config v0.0.0-20241122152556-0a30f7b9edfe h1:t0sOFt6wv96GZPO6f5wowT6c/2hKgpAoC7GC2/ej6Dc=
github.com/eens1/config v0.0.0-20241122152556-0a30f7b9edfe/go.mod h1:WccIBwO6Cw5wlt2HJ3katlH0qZNQeeaLX7+GkVR0FmI=
github.com/eens1/config v0.0.0-20241122152902-d11e0ea14616 h1:QKnP6VSORTIk20McoTsqmOH/gLuCy5hXGo5v6HFFqVc=
github.com/eens1/config v0.0.0-20241122152902-d11e0ea14616/go.mod h1:WccIBwO6Cw5wlt2HJ3katlH0qZNQeeaLX7+GkVR0FmI=
github.com/eens1/config v0.0.0-20241122152949-f172c4d39c73 h1:vAfIWR4qtDfahKbF6kTf4EcfaNG2VWvGsc/XnjwR2pc=
github.com/eens1/config v0.0.0-20241122152949-f172c4d39c73/go.mod h1:WccIBwO6Cw5wlt2HJ3katlH0qZNQeeaLX7+GkVR0FmI=
github.com/eens1/config v0.0.0-20241122153648-416c45e34bf4 h1:Y6aw1TtApsDyEf9NhoRof8vzHVehAS0V/vjyO5097wY=
github.com/eens1/config v0.0.0-20241122153648-416c45e34bf4/go.mod h1:WccIBwO6Cw5wlt2HJ3katlH0qZNQeeaLX7+GkVR0FmI=
github.com/eens1/config v0.0.0-20241122161739-6790974018f4 h1:rmIeFhgPhsNRwmbtz385ZCDznZKJ/7xLyhqzh8K6BUU=
github.com/eens1/config v0.0.0-20241122161739-6790974018f4/go.mod h1:WccIBwO6Cw5wlt2HJ3katlH0qZNQeeaLX7+GkVR0FmI=
