github.com/eens1/config v0.0.0-20241021141630-b145099baee9 h1:pK4YkY1FmJR0NDdU70ZoDPfXEt73ds2H/wDvcKNzAdw=
github.com/eens1/config v0.0.0-20241021141630-b145099baee9/go.mod h1:WccIBwO6Cw5wlt2HJ3katlH0qZNQeeaLX7+GkVR0FmI=
github.com/eens1/config v0.0.0-20241021174023-b05d24d11363 h1:VFlUQG1S92JXjUSdG+MfjNH2kdR2WlJ3GVgSK4KCIEE=
github.com/eens1/config v0.0.0-20241021174023-b05d24d11363/go.mod h1:WccIBwO6Cw5wlt2HJ3katlH0qZNQeeaLX7+GkVR0FmI=
github.com/eens1/config v0.0.0-20241021185453-9e1ba8344af3 h1:nI02ksysg6WEVl/03P/xeGYSh3Oe40SJ/eSm5tOmnwQ=
github.com/eens1/config v0.0.0-20241021185453-9e1ba8344af3/go.mod h1:WccIBwO6Cw5wlt2HJ3katlH0qZNQeeaLX7+GkVR0FmI=
github.com/eens1/config v0.0.0-20241022030802-9af31e6fd758 h1:I7ZFf6kSx8xHHBUaKwl3U+wcw+MCs36qSZx/ZCJX7es=
github.com/eens1/config v0.0.0-20241022030802-9af31e6fd758/go.mod h1:WccIBwO6Cw5wlt2HJ3katlH0qZNQeeaLX7+GkVR0FmI=
github.com/eens1/config v0.0.0-20241022034519-0ccffad071dc h1:wInRO5GbV3KM/0CXZLkqEr8tg5oRTWJH9tu5znT5Al0=
github.com/eens1/config v0.0.0-20241022034519-0ccffad071dc/go.mod h1:WccIBwO6Cw5wlt2HJ3katlH0qZNQeeaLX7+GkVR0FmI=
github.com/eens1/config v0.0.0-20241022081541-78684e4b844c h1:CGEq99goo+6kJQjI+ONSZZKCKCHVNZb3FRaesJaO2xg=
github.com/eens1/config v0.0.0-20241022081541-78684e4b844c/go.mod h1:WccIBwO6Cw5wlt2HJ3katlH0qZNQeeaLX7+GkVR0FmI=
github.com/eens1/config v0.0.0-20241022090255-3d7bd476bc81 h1:kRPERYJudvCunZgK37sQIhr8igHTe5xLRq5z+NE999c=
github.com/eens1/config v0.0.0-20241022090255-3d7bd476bc81/go.mod h1:WccIBwO6Cw5wlt2HJ3katlH0qZNQeeaLX7+GkVR0FmI=
github.com/eens1/config v0.0.0-20241022142030-9222eece793f h1:AvgtnAfGkIb/5ovohWRtyvTCfZ3EUn1m6oqrTY0SzFo=
github.com/eens1/config v0.0.0-20241022142030-9222eece793f/go.mod h1:WccIBwO6Cw5wlt2HJ3katlH0qZNQeeaLX7+GkVR0FmI=
github.com/eens1/config v0.0.0-20241023063245-b6033498556c h1:rhAvXwDpW8lbu7un08p2/v1DoKzeX8bqwDn+aufE2kM=
github.com/eens1/config v0.0.0-20241023063245-b6033498556c/go.mod h1:WccIBwO6Cw5wlt2HJ3katlH0qZNQeeaLX7+GkVR0FmI=
github.com/eens1/config v0.0.0-20241023064350-29b77abcccff h1:IpM9/SfqHKrJxFbcYRsGnaa2d7emwuKVXKUOhHj7ZYY=
github.com/eens1/config v0.0.0-20241023064350-29b77abcccff/go.mod h1:WccIBwO6Cw5wlt2HJ3katlH0qZNQeeaLX7+GkVR0FmI=
github.com/eens1/config v0.0.0-20241024200128-c05bf8d4b6b3 h1:9A5tmTvmr11hGC8mGiZdZUKFst7alqm9vvZy5jEc2QM=
github.com/eens1/config v0.0.0-20241024200128-c05bf8d4b6b3/go.mod h1:WccIBwO6Cw5wlt2HJ3katlH0qZNQeeaLX7+GkVR0FmI=
github.com/eens1/config v0.0.0-20241024201052-21835f8397c5 h1:wMxYpf81gIxth/mRLzmSMOSQOPvlRJtHRgdlsw6RL7o=
github.com/eens1/config v0.0.0-20241024201052-21835f8397c5/go.mod h1:WccIBwO6Cw5wlt2HJ3katlH0qZNQeeaLX7+GkVR0FmI=
github.com/eens1/config v0.0.0-20241025062035-c05bd369e49a h1:MUEqxFB/bXIRlDVZPZeUspkExSW+fw+4vdJ5rmmfVXI=
github.com/eens1/config v0.0.0-20241025062035-c05bd369e49a/go.mod h1:WccIBwO6Cw5wlt2HJ3katlH0qZNQeeaLX7+GkVR0FmI=
github.com/eens1/config v0.0.0-20241025062617-ddd213def215 h1:VHlf0vLxiyYShH8ZFbFidbpmyhQCfuTSnZwb2FOuBqs=
github.com/eens1/config v0.0.0-20241025062617-ddd213def215/go.mod h1:WccIBwO6Cw5wlt2HJ3katlH0qZNQeeaLX7+GkVR0FmI=
github.com/eens1/config v0.0.0-20241025134115-690e7db49194 h1:lKmqyxSJ+qdLQTq4/7PBDczR8T/o/cXFc25SgJZkh8U=
github.com/eens1/config v0.0.0-20241025134115-690e7db49194/go.mod h1:WccIBwO6Cw5wlt2HJ3katlH0qZNQeeaLX7+GkVR0FmI=
github.com/eens1/config v0.0.0-20241026002055-4b0af0367249 h1:/AKkdz+tallfvtnOeaXhG6jCXtdfO0Oa4VpFqS+mrz0=
github.com/eens1/config v0.0.0-20241026002055-4b0af0367249/go.mod h1:WccIBwO6Cw5wlt2HJ3katlH0qZNQeeaLX7+GkVR0FmI=
github.com/eens1/config v0.0.0-20241026031443-9787c8e16120 h1:CFYRQVh8vIWILTv0AwlzS551EoGeNMLhm5/EN1AkaDg=
github.com/eens1/config v0.0.0-20241026031443-9787c8e16120/go.mod h1:WccIBwO6Cw5wlt2HJ3katlH0qZNQeeaLX7+GkVR0FmI=
github.com/eens1/config v0.0.0-20241027084931-f444bd92f015 h1:Uege/40JjDhIbj/ahh40xCuh7k1Ug369zIXvRyaE7Iw=
github.com/eens1/config v0.0.0-20241027084931-f444bd92f015/go.mod h1:WccIBwO6Cw5wlt2HJ3katlH0qZNQeeaLX7+GkVR0FmI=
github.com/eens1/config v0.0.0-20241030080231-873fe371d315 h1:fEnP0Ymn/tKcSjPLP1AwdldWFaGd02fNBH7+3ZnfbNs=
github.com/eens1/config v0.0.0-20241030080231-873fe371d315/go.mod h1:WccIBwO6Cw5wlt2HJ3katlH0qZNQeeaLX7+GkVR0FmI=
github.com/eens1/config v0.0.0-20241031053003-d916e210a054 h1:uVb8NjBPfnLJ3VgbYWouNlusOekAw/5QA2uLfq9IJEg=
github.com/eens1/config v0.0.0-20241031053003-d916e210a054/go.mod h1:WccIBwO6Cw5wlt2HJ3katlH0qZNQeeaLX7+GkVR0FmI=
github.com/eens1/config v0.0.0-20241031054743-08792919d376 h1:N4ESIdfU6qOVMBMjH34d3Ytap/qxGf5V1r8G+zQrM2k=
github.com/eens1/config v0.0.0-20241031054743-08792919d376/go.mod h1:WccIBwO6Cw5wlt2HJ3katlH0qZNQeeaLX7+GkVR0FmI=
github.com/eens1/config v0.0.0-20241119130618-e3292665347f h1:oklCTQHOcgAkYLV8KDFEhghFpWeKRPhINUINaf4SJSE=
github.com/eens1/config v0.0.0-20241119130618-e3292665347f/go.mod h1:WccIBwO6Cw5wlt2HJ3katlH0qZNQeeaLX7+GkVR0FmI=
github.com/eens1/config v0.0.0-20241119131034-aea38d23ffe2 h1:3ytmLiBgr7tmYt1IGi8+FAiYYDMBnSMw0UOlhVPKTa4=
github.com/eens1/config v0.0.0-20241119131034-aea38d23ffe2/go.mod h1:WccIBwO6Cw5wlt2HJ3katlH0qZNQeeaLX7+GkVR0FmI=
github.com/eens1/config v0.0.0-20241119135737-1e5df0b866b4 h1:0XXLBz5ZgSE+q2/TzQQXRqSbGPHvvbbHUUcd6GZrU/M=
github.com/eens1/config v0.0.0-20241119135737-1e5df0b866b4/go.mod h1:WccIBwO6Cw5wlt2HJ3katlH0qZNQeeaLX7+GkVR0FmI=
github.com/eens1/config v0.0.0-20241119135903-0a1eff502953 h1:vM017ByVKMJRi4RidG0lcHAVLl3WxtRkNPlDoPSEWMA=
github.com/eens1/config v0.0.0-20241119135903-0a1eff502953/go.mod h1:WccIBwO6Cw5wlt2HJ3katlH0qZNQeeaLX7+GkVR0FmI=
github.com/eens1/config v0.0.0-20241120123242-1bc3db45ea89 h1:PlTfBJbB55V9JtswvqdJItwMUaNX/ZlOX82po5VSha0=
github.com/eens1/config v0.0.0-20241120123242-1bc3db45ea89/go.mod h1:WccIBwO6Cw5wlt2HJ3katlH0qZNQeeaLX7+GkVR0FmI=
github.com/eens1/config v0.0.0-20241120123437-5eec26838a39 h1:NpPSYiX9qzSpobM8sFGVvOU76GqPOgX9nkWxOCTbd/M=
github.com/eens1/config v0.0.0-20241120123437-5eec26838a39/go.mod h1:WccIBwO6Cw5wlt2HJ3katlH0qZNQeeaLX7+GkVR0FmI=
github.com/eens1/config v0.0.0-20241120123721-df49bdc51386 h1:Uvx0JOWDe0MpPCyhjL3pPK/MYhRN1rx+Q78Wwc09o+4=
github.com/eens1/config v0.0.0-20241120123721-df49bdc51386/go.mod h1:WccIBwO6Cw5wlt2HJ3katlH0qZNQeeaLX7+GkVR0FmI=
github.com/eens1/config v0.0.0-20241120123915-ecc88297fe70 h1:j0/+/Bqo0upBbQX1XwpmR06ClPrMhLHJFEQ/hNcuduE=
github.com/eens1/config v0.0.0-20241120123915-ecc88297fe70/go.mod h1:WccIBwO6Cw5wlt2HJ3katlH0qZNQeeaLX7+GkVR0FmI=
github.com/eens1/config v0.0.0-20241120123948-6201a7d3e68f h1:tIvivCvAPocRUN2CKXVQhKiSXwoEOCffDO46MNQlgIY=
github.com/eens1/config v0.0.0-20241120123948-6201a7d3e68f/go.mod h1:WccIBwO6Cw5wlt2HJ3katlH0qZNQeeaLX7+GkVR0FmI=
github.com/eens1/config v0.0.0-20241120124207-13b44d8703bf h1:d8dDCiw7/vTJlGxy6zdJaUQXA0xjkdo0CjOO9618Voc=
github.com/eens1/config v0.0.0-20241120124207-13b44d8703bf/go.mod h1:WccIBwO6Cw5wlt2HJ3katlH0qZNQeeaLX7+GkVR0FmI=
github.com/eens1/config v0.0.0-20241120124357-bdd10f7b38a7 h1:OX1K0fwRWiv0QhPAQ1ipA6qgIxQaPp0sGOmQsr+cero=
github.com/eens1/config v0.0.0-20241120124357-bdd10f7b38a7/go.mod h1:WccIBwO6Cw5wlt2HJ3katlH0qZNQeeaLX7+GkVR0FmI=
github.com/eens1/config v0.0.0-20241120124802-62c16a9291ea h1:JbjIoXObbGoBowWlgEfn26I/S/+e+M38SiuQk3XpwGI=
github.com/eens1/config v0.0.0-20241120124802-62c16a9291ea/go.mod h1:WccIBwO6Cw5wlt2HJ3katlH0qZNQeeaLX7+GkVR0FmI=
github.com/eens1/config v0.0.0-20241120125059-65c34266e17c h1:qq8dEBcIDc37nlE/ASSecTnYTw9dD1F25+l7SXT8fR4=
github.com/eens1/config v0.0.0-20241120125059-65c34266e17c/go.mod h1:WccIBwO6Cw5wlt2HJ3katlH0qZNQeeaLX7+GkVR0FmI=
github.com/eens1/config v0.0.0-20241120125339-67866e5f8fc0 h1:i+4arYND3Y+en5iSHFZ0q29Rwt+lgat5hIEGwZpPVDs=
github.com/eens1/config v0.0.0-20241120125339-67866e5f8fc0/go.mod h1:WccIBwO6Cw5wlt2HJ3katlH0qZNQeeaLX7+GkVR0FmI=
github.com/eens1/config v0.0.0-20241120125753-00ed0d936011 h1:LlgA/qYUFmDLKQQRbLIabJiXXpUYGpkQmkDVGB3stfw=
github.com/eens1/config v0.0.0-20241120125753-00ed0d936011/go.mod h1:WccIBwO6Cw5wlt2HJ3katlH0qZNQeeaLX7+GkVR0FmI=
github.com/eens1/config v0.0.0-20241120130432-db728e0b86e2 h1:U0amCEDeJehsxcU3Gjlg86w3997hifzfWLoMjFTyLHM=
github.com/eens1/config v0.0.0-20241120130432-db728e0b86e2/go.mod h1:WccIBwO6Cw5wlt2HJ3katlH0qZNQeeaLX7+GkVR0FmI=
github.com/eens1/config v0.0.0-20241120131105-0cc31f3ad9ec h1:GVywl3Dh51RtILq7BXTmdFYa1OA5g3wCUgPQOUfUEOQ=
github.com/eens1/config v0.0.0-20241120131105-0cc31f3ad9ec/go.mod h1:WccIBwO6Cw5wlt2HJ3katlH0qZNQeeaLX7+GkVR0FmI=
github.com/eens1/config v0.0.0-20241120131357-043f4fdc0dfb h1:4pv0hVnQ7/J+1hH6J5BJ1k3E/mqcM4t8ld0PmrYdqGw=
github.com/eens1/config v0.0.0-20241120131357-043f4fdc0dfb/go.mod h1:WccIBwO6Cw5wlt2HJ3katlH0qZNQeeaLX7+GkVR0FmI=
github.com/eens1/config v0.0.0-20241120131912-45cdcace1317 h1:LhQ6KS6KDRWAAomdsxNLrB/g6rMOmyWka7s/zGhDfo8=
github.com/eens1/config v0.0.0-20241120131912-45cdcace1317/go.mod h1:WccIBwO6Cw5wlt2HJ3katlH0qZNQeeaLX7+GkVR0FmI=
github.com/eens1/config v0.0.0-20241120132015-77180228c359 h1:JdJv4qK5bfVFzyRDSyyDqqin7VPivJd7/M5xDeQSEPI=
github.com/eens1/config v0.0.0-20241120132015-77180228c359/go.mod h1:WccIBwO6Cw5wlt2HJ3katlH0qZNQeeaLX7+GkVR0FmI=
github.com/eens1/config v0.0.0-20241120132520-fac9e7fb37f3 h1:2CM0h4Nwc+SlJ38sl5sq9thftc2RvRbAMQpMetQJPs8=
github.com/eens1/config v0.0.0-20241120132520-fac9e7fb37f3/go.mod h1:WccIBwO6Cw5wlt2HJ3katlH0qZNQeeaLX7+GkVR0FmI=
github.com/eens1/config v0.0.0-20241120132727-8ba3ad76f352 h1:MCirr0CQF0T5jswMLS25Dnz2LyRFPcia5Cs6kb9o5Qk=
github.com/eens1/config v0.0.0-20241120132727-8ba3ad76f352/go.mod h1:WccIBwO6Cw5wlt2HJ3katlH0qZNQeeaLX7+GkVR0FmI=
github.com/eens1/config v0.0.0-20241120150751-cb5f38b73b0c h1:dYQSeRCjtNEaZGui52mKh55lRBiXmfHHnyrHiTMAacY=
github.com/eens1/config v0.0.0-20241120150751-cb5f38b73b0c/go.mod h1:WccIBwO6Cw5wlt2HJ3katlH0qZNQeeaLX7+GkVR0FmI=
github.com/eens1/config v0.0.0-20241120151037-1c5c04c897e7 h1:q0JH28m6WdzRauykRJoH4kjF3jI5Xvax1pNorTNMQSs=
github.com/eens1/config v0.0.0-20241120151037-1c5c04c897e7/go.mod h1:WccIBwO6Cw5wlt2HJ3katlH0qZNQeeaLX7+GkVR0FmI=
github.com/eens1/config v0.0.0-20241120151615-135b8a28a112 h1:/bIABI/O6x4WKKBq8g7cJqs5pCS3mh7UR8wfHVYJRN0=
github.com/eens1/config v0.0.0-20241120151615-135b8a28a112/go.mod h1:WccIBwO6Cw5wlt2HJ3katlH0qZNQeeaLX7+GkVR0FmI=
github.com/eens1/config v0.0.0-20241120151755-e6f45e515811 h1:yZnxbgN6PhjBNRqRzCkzE3k9egTN00GdXdNXVsw6464=
github.com/eens1/config v0.0.0-20241120151755-e6f45e515811/go.mod h1:WccIBwO6Cw5wlt2HJ3katlH0qZNQeeaLX7+GkVR0FmI=
github.com/eens1/config v0.0.0-20241120152154-32b1653688f4 h1:VcY1n+o1lXqWXfUlrXcOCXfUeNH7l+YEGvY9qbH1ZUU=
github.com/eens1/config v0.0.0-20241120152154-32b1653688f4/go.mod h1:WccIBwO6Cw5wlt2HJ3katlH0qZNQeeaLX7+GkVR0FmI=
github.com/eens1/config v0.0.0-20241120152336-119ec023667b h1:WFuKdsPnB60lU3YPGEzNBIdKBKLzX9j4TX2Zk7zde6M=
github.com/eens1/config v0.0.0-20241120152336-119ec023667b/go.mod h1:WccIBwO6Cw5wlt2HJ3katlH0qZNQeeaLX7+GkVR0FmI=
github.com/eens1/config v0.0.0-20241120152537-0745407d9367 h1:+ZLEtYFhRC+fGuXVtwLu7eMAkWyUGVY24l9S7dOj+oc=
github.com/eens1/config v0.0.0-20241120152537-0745407d9367/go.mod h1:WccIBwO6Cw5wlt2HJ3katlH0qZNQeeaLX7+GkVR0FmI=
github.com/eens1/config v0.0.0-20241120152643-6ae16e493681 h1:uNsSugrJaz3wE9IqwknPY3GibsWiZCyv9YOuqOvrAng=
github.com/eens1/config v0.0.0-20241120152643-6ae16e493681/go.mod h1:WccIBwO6Cw5wlt2HJ3katlH0qZNQeeaLX7+GkVR0FmI=
github.com/eens1/config v0.0.0-20241120153021-38d03de6c8a5 h1:6YDgwBA+evj9q5/Iqaq/Dwua+a5jLLiVF1qyHeVR7SA=
github.com/eens1/config v0.0.0-20241120153021-38d03de6c8a5/go.mod h1:WccIBwO6Cw5wlt2HJ3katlH0qZNQeeaLX7+GkVR0FmI=
github.com/eens1/config v0.0.0-20241120153125-d0e7ce3e155f h1:3PEftkts2dsB2s/4ETNPt0sEzXrD87X1zmd3xOOyMek=
github.com/eens1/config v0.0.0-20241120153125-d0e7ce3e155f/go.mod h1:WccIBwO6Cw5wlt2HJ3katlH0qZNQeeaLX7+GkVR0FmI=
github.com/eens1/config v0.0.0-20241120154003-196e20d65409 h1:XE+7l5t/14P5LpucuRi8CXclQEouyYkHnfJ8JlxVGyA=
github.com/eens1/config v0.0.0-20241120154003-196e20d65409/go.mod h1:WccIBwO6Cw5wlt2HJ3katlH0qZNQeeaLX7+GkVR0FmI=
github.com/eens1/config v0.0.0-20241120155612-b3c3019a7203 h1:ty9igP4EkMSmdYJSxvYaAkzltPuLeRcXO0YhEcrQQrM=
github.com/eens1/config v0.0.0-20241120155612-b3c3019a7203/go.mod h1:WccIBwO6Cw5wlt2HJ3katlH0qZNQeeaLX7+GkVR0FmI=
github.com/eens1/config v0.0.0-20241120155806-65601b8263dd h1:/f06aPyoRe77LjXjDBDs0mA0BWQaNG8UhTNH/amT8ys=
github.com/eens1/config v0.0.0-20241120155806-65601b8263dd/go.mod h1:WccIBwO6Cw5wlt2HJ3katlH0qZNQeeaLX7+GkVR0FmI=
github.com/eens1/config v0.0.0-20241120160018-5845f8b05626 h1:Wxjh/joJXpRMNx/aLWRXP78N+3Jw/n7Q1NO7OW1Kmr8=
github.com/eens1/config v0.0.0-20241120160018-5845f8b05626/go.mod h1:WccIBwO6Cw5wlt2HJ3katlH0qZNQeeaLX7+GkVR0FmI=
github.com/eens1/config v0.0.0-20241120160312-ce4ccc7dd978 h1:ct7n1wIrT2o6FUFYl9hCdZoOGd9W6S8zax3xARF8OEM=
github.com/eens1/config v0.0.0-20241120160312-ce4ccc7dd978/go.mod h1:WccIBwO6Cw5wlt2HJ3katlH0qZNQeeaLX7+GkVR0FmI=
github.com/eens1/config v0.0.0-20241120160416-c924eca184b4 h1:G5dL5Y4pfYPI/0b6lbCsd8lN4D+LKY+zdCrOtLM2Gt8=
github.com/eens1/config v0.0.0-20241120160416-c924eca184b4/go.mod h1:WccIBwO6Cw5wlt2HJ3katlH0qZNQeeaLX7+GkVR0FmI=
github.com/eens1/config v0.0.0-20241120160957-f1631b657386 h1:Uu58DjD1NUiit+zTPIPPa2kKHcTrJjaaDLPeoX4L79o=
github.com/eens1/config v0.0.0-20241120160957-f1631b657386/go.mod h1:WccIBwO6Cw5wlt2HJ3katlH0qZNQeeaLX7+GkVR0FmI=
github.com/eens1/config v0.0.0-20241120161047-40a09bb1ff3e h1:EvPFYj0LzjHWyAoKDadYcRDMgxMDZAl1uoVx5oLivOQ=
github.com/eens1/config v0.0.0-20241120161047-40a09bb1ff3e/go.mod h1:WccIBwO6Cw5wlt2HJ3katlH0qZNQeeaLX7+GkVR0FmI=
github.com/eens1/config v0.0.0-20241120161132-d24fff267031 h1:jN23Il7VvnPO2DQVYyTgenvV179WwgO+amr1yvYjKBY=
github.com/eens1/config v0.0.0-20241120161132-d24fff267031/go.mod h1:WccIBwO6Cw5wlt2HJ3katlH0qZNQeeaLX7+GkVR0FmI=
github.com/eens1/config v0.0.0-20241120161209-1ee517070359 h1:XcmNew16D8kOzoqCNlvfYuer38PLeHsRvSKA4yf3Pw0=
github.com/eens1/config v0.0.0-20241120161209-1ee517070359/go.mod h1:WccIBwO6Cw5wlt2HJ3katlH0qZNQeeaLX7+GkVR0FmI=
github.com/eens1/config v0.0.0-20241120161310-165126f0747c h1:+8JactMkVgztCO+qIGA8G9njFkkTrL9kz5uMQU3mT6Q=
github.com/eens1/config v0.0.0-20241120161310-165126f0747c/go.mod h1:WccIBwO6Cw5wlt2HJ3katlH0qZNQeeaLX7+GkVR0FmI=
github.com/eens1/config v0.0.0-20241120161624-48b9d02ab5bc h1:pL+lzMesrWEEwEHQ1Vk//y0r/t16N81emzrGB9hvrF0=
github.com/eens1/config v0.0.0-20241120161624-48b9d02ab5bc/go.mod h1:WccIBwO6Cw5wlt2HJ3katlH0qZNQeeaLX7+GkVR0FmI=
github.com/eens1/config v0.0.0-20241120161658-bd3f93922733 h1:Lpd7ebgGLOshUWaxzdzPsp9uJ4ShC9fKZFM5XcopGsM=
github.com/eens1/config v0.0.0-20241120161658-bd3f93922733/go.mod h1:WccIBwO6Cw5wlt2HJ3katlH0qZNQeeaLX7+GkVR0FmI=
github.com/eens1/config v0.0.0-20241120161722-e54a026991d3 h1:lyILJUcDToMc8bHU3OESX2dG4txfSFYwvokaffP4KK8=
github.com/eens1/config v0.0.0-20241120161722-e54a026991d3/go.mod h1:WccIBwO6Cw5wlt2HJ3katlH0qZNQeeaLX7+GkVR0FmI=
github.com/eens1/config v0.0.0-20241120161923-fec86c5c0e79 h1:5pV/hTb7b8qJb6nP59YMFhBqMay6EG7I9Mk2Q2ELvwo=
github.com/eens1/config v0.0.0-20241120161923-fec86c5c0e79/go.mod h1:WccIBwO6Cw5wlt2HJ3katlH0qZNQeeaLX7+GkVR0FmI=
github.com/eens1/config v0.0.0-20241120162050-e2c2958efd1c h1:XfKxXVBbbFGQfbtX6oL2j7Ez1/2MO7HK2CDqbTnF+QQ=
github.com/eens1/config v0.0.0-20241120162050-e2c2958efd1c/go.mod h1:WccIBwO6Cw5wlt2HJ3katlH0qZNQeeaLX7+GkVR0FmI=
github.com/eens1/config v0.0.0-20241120162230-b997b9f31a76 h1:4r5D7hUUbP00O3wT+yWLCmGDlYadQxnxrfM+fWewPqY=
github.com/eens1/config v0.0.0-20241120162230-b997b9f31a76/go.mod h1:WccIBwO6Cw5wlt2HJ3katlH0qZNQeeaLX7+GkVR0FmI=
github.com/eens1/config v0.0.0-20241120162348-b91984ee82f3 h1:ni1GKQqQBi9u2upQ6Rgo/sYoBr2yexOLjcwtvvt9TqA=
github.com/eens1/config v0.0.0-20241120162348-b91984ee82f3/go.mod h1:WccIBwO6Cw5wlt2HJ3katlH0qZNQeeaLX7+GkVR0FmI=
github.com/eens1/config v0.0.0-20241120162442-00fbb79dc616 h1:8e/Chpqzv6SrCWuycV8BiEsqpjii+lhN6BAKn0nh35A=
github.com/eens1/config v0.0.0-20241120162442-00fbb79dc616/go.mod h1:WccIBwO6Cw5wlt2HJ3katlH0qZNQeeaLX7+GkVR0FmI=
github.com/eens1/config v0.0.0-20241120162647-f8eddedf4d52 h1:lz66GteORQKHQuoPNd5mKOyCg7Gf1OcwdAKjlRnFqx4=
github.com/eens1/config v0.0.0-20241120162647-f8eddedf4d52/go.mod h1:WccIBwO6Cw5wlt2HJ3katlH0qZNQeeaLX7+GkVR0FmI=
github.com/eens1/config v0.0.0-20241120162921-a5d3cc55d125 h1:gutif1XSvc5GV+te/s6C/rAAyzwqU0XC4bNuvLP3/Vs=
github.com/eens1/config v0.0.0-20241120162921-a5d3cc55d125/go.mod h1:WccIBwO6Cw5wlt2HJ3katlH0qZNQeeaLX7+GkVR0FmI=
github.com/eens1/config v0.0.0-20241120163202-9ac5c241798a h1:xcJxfqucUpMZ2h+oxOGcBdqS/pTgjZbwlm232ogwFBY=
github.com/eens1/config v0.0.0-20241120163202-9ac5c241798a/go.mod h1:WccIBwO6Cw5wlt2HJ3katlH0qZNQeeaLX7+GkVR0FmI=
github.com/eens1/config v0.0.0-20241120163340-25b95c5544b5 h1:B46pMsinwQ4JDKUo62feOo+UwAb/disRMrUbI9Lh1us=
github.com/eens1/config v0.0.0-20241120163340-25b95c5544b5/go.mod h1:WccIBwO6Cw5wlt2HJ3katlH0qZNQeeaLX7+GkVR0FmI=
github.com/eens1/config v0.0.0-20241120163527-dee566f1bb8e h1:PvkehcPZDi52tGiTbMzmAhV4kqKTilOUwDc0WMwDs9Y=
github.com/eens1/config v0.0.0-20241120163527-dee566f1bb8e/go.mod h1:WccIBwO6Cw5wlt2HJ3katlH0qZNQeeaLX7+GkVR0FmI=
github.com/eens1/config v0.0.0-20241120163547-2452c523241c h1:+pAaaJmSlJLR7IcJByzk/VhMU4YCkJQ02cy2LCsQJHM=
github.com/eens1/config v0.0.0-20241120163547-2452c523241c/go.mod h1:WccIBwO6Cw5wlt2HJ3katlH0qZNQeeaLX7+GkVR0FmI=
github.com/eens1/config v0.0.0-20241120163731-4038a4aa1b8b h1:rqjax7ECCkLHjccrB7BhKfVJyIO+blX1VQfMlsSPmpE=
github.com/eens1/config v0.0.0-20241120163731-4038a4aa1b8b/go.mod h1:WccIBwO6Cw5wlt2HJ3katlH0qZNQeeaLX7+GkVR0FmI=
github.com/eens1/config v0.0.0-20241120163815-c13806334873 h1:mOlppPjQgjzaxbJwC7+OlMl0YsNVCef55SdFU1kwSiQ=
github.com/eens1/config v0.0.0-20241120163815-c13806334873/go.mod h1:WccIBwO6Cw5wlt2HJ3katlH0qZNQeeaLX7+GkVR0FmI=
github.com/eens1/config v0.0.0-20241120164007-9c8fa1139476 h1:X6wgHakR3nifyjl80YMbXbQy7zOxwy9Y3cwAWq0KwGc=
github.com/eens1/config v0.0.0-20241120164007-9c8fa1139476/go.mod h1:WccIBwO6Cw5wlt2HJ3katlH0qZNQeeaLX7+GkVR0FmI=
github.com/eens1/config v0.0.0-20241120164036-e08ce8eb701f h1:387T5AvUe1SUbG5JFddpC5U8FtQapRGoqLfO0ggVPTM=
github.com/eens1/config v0.0.0-20241120164036-e08ce8eb701f/go.mod h1:WccIBwO6Cw5wlt2HJ3katlH0qZNQeeaLX7+GkVR0FmI=
github.com/eens1/config v0.0.0-20241120164328-a7996c055cf9 h1:GHzWaPTA8UZpZW425lNDitqWnMOZ8gGkoAkShLMen+Y=
github.com/eens1/config v0.0.0-20241120164328-a7996c055cf9/go.mod h1:WccIBwO6Cw5wlt2HJ3katlH0qZNQeeaLX7+GkVR0FmI=
github.com/eens1/config v0.0.0-20241120164602-bf8b5468e8cf h1:i/Y9+H3+A8e8qpofZUaX5wjT+YnVdFDvTjIegR8ab70=
github.com/eens1/config v0.0.0-20241120164602-bf8b5468e8cf/go.mod h1:WccIBwO6Cw5wlt2HJ3katlH0qZNQeeaLX7+GkVR0FmI=
github.com/eens1/config v0.0.0-20241120164703-e8faed045127 h1:6kTsXo03fpNrfjFPktFh8lLx3EGJW/kkZspk2RB1cH4=
github.com/eens1/config v0.0.0-20241120164703-e8faed045127/go.mod h1:WccIBwO6Cw5wlt2HJ3katlH0qZNQeeaLX7+GkVR0FmI=
github.com/eens1/config v0.0.0-20241120165107-c7ca020a9255 h1:4NeEyXqnaMneAIErapmcSc4p6Ru+vSBEZiVW4LZJFpk=
github.com/eens1/config v0.0.0-20241120165107-c7ca020a9255/go.mod h1:WccIBwO6Cw5wlt2HJ3katlH0qZNQeeaLX7+GkVR0FmI=
github.com/eens1/config v0.0.0-20241120165833-47043c171a9c h1:6b5aNjcdl2jdOpq5XMTQOSSjfF/Jheij+ZEhUt+8rrE=
github.com/eens1/config v0.0.0-20241120165833-47043c171a9c/go.mod h1:WccIBwO6Cw5wlt2HJ3katlH0qZNQeeaLX7+GkVR0FmI=
github.com/eens1/config v0.0.0-20241120165909-d9ea47f43b6b h1:tq73EP8Xqeo9nNdEvnOXJO0lYFLUWKB4RZkHCkaOV70=
github.com/eens1/config v0.0.0-20241120165909-d9ea47f43b6b/go.mod h1:WccIBwO6Cw5wlt2HJ3katlH0qZNQeeaLX7+GkVR0FmI=
github.com/eens1/config v0.0.0-20241120170018-a053879036ec h1:RJ0c3nbn4csMBaFA3KgQS4oocwC8kzW/c95dYS6PJ2k=
github.com/eens1/config v0.0.0-20241120170018-a053879036ec/go.mod h1:WccIBwO6Cw5wlt2HJ3katlH0qZNQeeaLX7+GkVR0FmI=
github.com/eens1/config v0.0.0-20241120170133-73d65b6340f9 h1:0mMqLH4plhTcholuixI7psO0h2K5pgWuCg71/s2hdL4=
github.com/eens1/config v0.0.0-20241120170133-73d65b6340f9/go.mod h1:WccIBwO6Cw5wlt2HJ3katlH0qZNQeeaLX7+GkVR0FmI=
github.com/eens1/config v0.0.0-20241120170822-d1677ccf1fba h1:62aU7x8VFebrozwH2MvUZaRtK8gewtG/1oXNqrF2by0=
github.com/eens1/config v0.0.0-20241120170822-d1677ccf1fba/go.mod h1:WccIBwO6Cw5wlt2HJ3katlH0qZNQeeaLX7+GkVR0FmI=
github.com/eens1/config v0.0.0-20241120170859-fe0240e1a5c2 h1:86Ph/EanCN4LoFwnhxEc+0+PgzhPEsqqcrejq6DE2o8=
github.com/eens1/config v0.0.0-20241120170859-fe0240e1a5c2/go.mod h1:WccIBwO6Cw5wlt2HJ3katlH0qZNQeeaLX7+GkVR0FmI=
github.com/eens1/config v0.0.0-20241120170950-a7350dd70414 h1:3MkjY6fxrJrN+Z1iKkios0JNUCx20UupMcN6ViylGng=
github.com/eens1/config v0.0.0-20241120170950-a7350dd70414/go.mod h1:WccIBwO6Cw5wlt2HJ3katlH0qZNQeeaLX7+GkVR0FmI=
github.com/eens1/config v0.0.0-20241120171202-4d618bdfaf48 h1:XRQjPWdH5O0ZLw6aeQoDbft9/JYfV9kTvLWXQs7i6Mg=
github.com/eens1/config v0.0.0-20241120171202-4d618bdfaf48/go.mod h1:WccIBwO6Cw5wlt2HJ3katlH0qZNQeeaLX7+GkVR0FmI=
github.com/eens1/config v0.0.0-20241120171345-9eaea17011f0 h1:mDt7pGbPS3Wp+DNQGT7nyX2Nl7bl2ashafDTDfclWOY=
github.com/eens1/config v0.0.0-20241120171345-9eaea17011f0/go.mod h1:WccIBwO6Cw5wlt2HJ3katlH0qZNQeeaLX7+GkVR0FmI=
github.com/eens1/config v0.0.0-20241120171416-47af9b8a82c9 h1:C2y6cvAGB6JV//Bqr342uXqLBcEkFV6+JR9UWvDFKuQ=
github.com/eens1/config v0.0.0-20241120171416-47af9b8a82c9/go.mod h1:WccIBwO6Cw5wlt2HJ3katlH0qZNQeeaLX7+GkVR0FmI=
github.com/eens1/config v0.0.0-20241120171545-1c16ddc7bfa9 h1:UJo4Nw1Z9dpyEQnvdi2wP9jWi7D6B5Y6OOuZmMHDzs0=
github.com/eens1/config v0.0.0-20241120171545-1c16ddc7bfa9/go.mod h1:WccIBwO6Cw5wlt2HJ3katlH0qZNQeeaLX7+GkVR0FmI=
github.com/eens1/config v0.0.0-20241120172142-482b177d6034 h1:EuWwYumE7qIxDkwAeIJ38sdLNQKLboq1X04/3Abnpu8=
github.com/eens1/config v0.0.0-20241120172142-482b177d6034/go.mod h1:WccIBwO6Cw5wlt2HJ3katlH0qZNQeeaLX7+GkVR0FmI=
github.com/eens1/config v0.0.0-20241120172731-02733d35f467 h1:Pi9UfvD3U3FCewRCw4Yz2AkMc1qpaJRnjdyPWnfJ0qU=
github.com/eens1/config v0.0.0-20241120172731-02733d35f467/go.mod h1:WccIBwO6Cw5wlt2HJ3katlH0qZNQeeaLX7+GkVR0FmI=
github.com/eens1/config v0.0.0-20241120173257-393addebda23 h1:x1Vnhxn8DD+H4D13J+lV0efJXt4dO+3JDn3HYuanS4s=
github.com/eens1/config v0.0.0-20241120173257-393addebda23/go.mod h1:WccIBwO6Cw5wlt2HJ3katlH0qZNQeeaLX7+GkVR0FmI=
github.com/eens1/config v0.0.0-20241120173641-5bb41939981b h1:eJJVFtEXZ3NZxYcnYlMBeMuqd9h4nRfEK46yHsf4umA=
github.com/eens1/config v0.0.0-20241120173641-5bb41939981b/go.mod h1:WccIBwO6Cw5wlt2HJ3katlH0qZNQeeaLX7+GkVR0FmI=
github.com/eens1/config v0.0.0-20241120173924-ef8475c4952f h1:5FiF1r4Mi7IaeOhvkiQNDd4YrrNcxLoNmAxErTVZjEs=
github.com/eens1/config v0.0.0-20241120173924-ef8475c4952f/go.mod h1:WccIBwO6Cw5wlt2HJ3katlH0qZNQeeaLX7+GkVR0FmI=
github.com/eens1/config v0.0.0-20241120174030-4cf79516b75e h1:b2Sp2o8zIzNZwwD8T5IvFiBvv/DZusFO1qTf9petXgY=
github.com/eens1/config v0.0.0-20241120174030-4cf79516b75e/go.mod h1:WccIBwO6Cw5wlt2HJ3katlH0qZNQeeaLX7+GkVR0FmI=
github.com/eens1/config v0.0.0-20241120174301-1ad62e7b3c2a h1:7222sqDCc6uzdPZMOsuyyzxFWtskJANyW2g+zN3gTRc=
github.com/eens1/config v0.0.0-20241120174301-1ad62e7b3c2a/go.mod h1:WccIBwO6Cw5wlt2HJ3katlH0qZNQeeaLX7+GkVR0FmI=
github.com/eens1/config v0.0.0-20241120174847-175a90fe3696 h1:Pl/kTqgF94LK/K2SDjuHEZCQtZZFrxoMO5/b5TivGnE=
github.com/eens1/config v0.0.0-20241120174847-175a90fe3696/go.mod h1:WccIBwO6Cw5wlt2HJ3katlH0qZNQeeaLX7+GkVR0FmI=
github.com/eens1/config v0.0.0-20241120174922-24845a41b688 h1:mqbsQToQdcaVDtuERKJ6OoBRVlQo2w4AXKnkcVgP/WY=
github.com/eens1/config v0.0.0-20241120174922-24845a41b688/go.mod h1:WccIBwO6Cw5wlt2HJ3katlH0qZNQeeaLX7+GkVR0FmI=
