github.com/eens1/config v0.0.0-20241021130928-942afb380b17 h1:Gp4M1eG7vHawu65B1RlG7dXy4xdnO20k6XdZB98/Q+U=
github.com/eens1/config v0.0.0-20241021130928-942afb380b17/go.mod h1:WccIBwO6Cw5wlt2HJ3katlH0qZNQeeaLX7+GkVR0FmI=
github.com/eens1/config v0.0.0-20241021141630-b145099baee9 h1:pK4YkY1FmJR0NDdU70ZoDPfXEt73ds2H/wDvcKNzAdw=
github.com/eens1/config v0.0.0-20241021141630-b145099baee9/go.mod h1:WccIBwO6Cw5wlt2HJ3katlH0qZNQeeaLX7+GkVR0FmI=
github.com/eens1/config v0.0.0-20241021163926-dcd6404fa79a h1:BxJwKQMExhVDrk+ePwNWmTsgb703ELFqE+iXghKPy/U=
github.com/eens1/config v0.0.0-20241021163926-dcd6404fa79a/go.mod h1:WccIBwO6Cw5wlt2HJ3katlH0qZNQeeaLX7+GkVR0FmI=
github.com/eens1/config v0.0.0-20241021164053-5e88f2cd11c2 h1:baRgNUnoKo2Sv4CHODA+cBIIsgLmwE87HpQVCP1WQs8=
github.com/eens1/config v0.0.0-20241021164053-5e88f2cd11c2/go.mod h1:WccIBwO6Cw5wlt2HJ3katlH0qZNQeeaLX7+GkVR0FmI=
github.com/eens1/config v0.0.0-20241021164247-8ce9adcd6af8 h1:ysCn4DHXU/XtpbaGurmDdRvizwmAWyH0klTr84rPEww=
github.com/eens1/config v0.0.0-20241021164247-8ce9adcd6af8/go.mod h1:WccIBwO6Cw5wlt2HJ3katlH0qZNQeeaLX7+GkVR0FmI=
github.com/eens1/config v0.0.0-20241021164512-b15768a303a9 h1:rtkBJQoaQQGqVkzxXdavKslHY3B2EwqxqWACbwfLRYs=
github.com/eens1/config v0.0.0-20241021164512-b15768a303a9/go.mod h1:WccIBwO6Cw5wlt2HJ3katlH0qZNQeeaLX7+GkVR0FmI=
github.com/eens1/config v0.0.0-20241021164610-789dc1d171f5 h1:qhkEggALlNCDFnT7TPymUHBL+pCCL5BJqFpf7IStL8k=
github.com/eens1/config v0.0.0-20241021164610-789dc1d171f5/go.mod h1:WccIBwO6Cw5wlt2HJ3katlH0qZNQeeaLX7+GkVR0FmI=
github.com/eens1/config v0.0.0-20241021165341-e980117168a0 h1:I1ukqrt5nEpfdUy8iX5dTZ9QTE6EgcuHmawRFtCJFhA=
github.com/eens1/config v0.0.0-20241021165341-e980117168a0/go.mod h1:WccIBwO6Cw5wlt2HJ3katlH0qZNQeeaLX7+GkVR0FmI=
github.com/eens1/config v0.0.0-20241021165508-bbbcca54cf8f h1:KplwMcevlR5L/lGv3mHECzxVsJfVYvhkzql0W68xH2s=
github.com/eens1/config v0.0.0-20241021165508-bbbcca54cf8f/go.mod h1:WccIBwO6Cw5wlt2HJ3katlH0qZNQeeaLX7+GkVR0FmI=
github.com/eens1/config v0.0.0-20241021165820-1564364af531 h1:2wbDX8yf+l5jGHxF+YGt3gteLl2qJq/b6tow0IYgNNI=
github.com/eens1/config v0.0.0-20241021165820-1564364af531/go.mod h1:WccIBwO6Cw5wlt2HJ3katlH0qZNQeeaLX7+GkVR0FmI=
github.com/eens1/config v0.0.0-20241021170259-1e5f90162f87 h1:o8a+KmZMjwRYgWnF6UcdPkJcop2ht7m7eMFdm6DgEVw=
github.com/eens1/config v0.0.0-20241021170259-1e5f90162f87/go.mod h1:WccIBwO6Cw5wlt2HJ3katlH0qZNQeeaLX7+GkVR0FmI=
github.com/eens1/config v0.0.0-20241021170723-bbc835de46df h1:fVwWYNtgLxjEGuKkmViH0h8Xgg1xy4UKHKCPO3E1AeI=
github.com/eens1/config v0.0.0-20241021170723-bbc835de46df/go.mod h1:WccIBwO6Cw5wlt2HJ3katlH0qZNQeeaLX7+GkVR0FmI=
github.com/eens1/config v0.0.0-20241021170901-ca4b96da8e5f h1:f5d1E0vivm0YyO6mxJN/x5bm7/HT7+Y09CEbzebvqNY=
github.com/eens1/config v0.0.0-20241021170901-ca4b96da8e5f/go.mod h1:WccIBwO6Cw5wlt2HJ3katlH0qZNQeeaLX7+GkVR0FmI=
github.com/eens1/config v0.0.0-20241021171001-e93ca1222d34 h1:UaYeWtV41ktW2K8XPnX/uaqY1yYBz/mLeGTYYFHKpzI=
github.com/eens1/config v0.0.0-20241021171001-e93ca1222d34/go.mod h1:WccIBwO6Cw5wlt2HJ3katlH0qZNQeeaLX7+GkVR0FmI=
github.com/eens1/config v0.0.0-20241021171231-57122222f246 h1:wi4nU6EWVxV/CZg6/wAfl0hyAfVoVs72czefI3wtv4U=
github.com/eens1/config v0.0.0-20241021171231-57122222f246/go.mod h1:WccIBwO6Cw5wlt2HJ3katlH0qZNQeeaLX7+GkVR0FmI=
github.com/eens1/config v0.0.0-20241021171405-b204125ed24c h1:GEekZLIzLIByH1eT98cH1Rz0zy8lBTWmNQLu5O/4eDM=
github.com/eens1/config v0.0.0-20241021171405-b204125ed24c/go.mod h1:WccIBwO6Cw5wlt2HJ3katlH0qZNQeeaLX7+GkVR0FmI=
github.com/eens1/config v0.0.0-20241021171731-eb855edb0d37 h1:8Um4/SkJ9gs4K0kxB1D5cskrzr+NSPm8/7Sy2Cx0EWs=
github.com/eens1/config v0.0.0-20241021171731-eb855edb0d37/go.mod h1:WccIBwO6Cw5wlt2HJ3katlH0qZNQeeaLX7+GkVR0FmI=
github.com/eens1/config v0.0.0-20241021171845-5fff913ac027 h1:mJk2FSCR4WnqRfX1TZgMVywY5kGYuoe3J1Wd/dgVHSU=
github.com/eens1/config v0.0.0-20241021171845-5fff913ac027/go.mod h1:WccIBwO6Cw5wlt2HJ3katlH0qZNQeeaLX7+GkVR0FmI=
github.com/eens1/config v0.0.0-20241021172134-42af6779f59d h1:Fw8aKOZCfun3PWQgPie6P3t6hX5VGRfYXFaYt+tbOFU=
github.com/eens1/config v0.0.0-20241021172134-42af6779f59d/go.mod h1:WccIBwO6Cw5wlt2HJ3katlH0qZNQeeaLX7+GkVR0FmI=
github.com/eens1/config v0.0.0-20241021173358-6951531d33f7 h1:vDvyXtIXT2qdwjpx/NEjQK2xIg5EzLebz3Jh1ZpuQlA=
github.com/eens1/config v0.0.0-20241021173358-6951531d33f7/go.mod h1:WccIBwO6Cw5wlt2HJ3katlH0qZNQeeaLX7+GkVR0FmI=
github.com/eens1/config v0.0.0-20241021173518-5af7d9c3e1be h1:5fMB89RQq/dWRcdcWBH33ZISSz4TPFr2Fud3Srg+x5g=
github.com/eens1/config v0.0.0-20241021173518-5af7d9c3e1be/go.mod h1:WccIBwO6Cw5wlt2HJ3katlH0qZNQeeaLX7+GkVR0FmI=
github.com/eens1/config v0.0.0-20241021173647-c0e024f0f8ed h1:2wgCQJarfp8sHhRw2oGTWgxOTLCOzWaLC3M62Vo8pq8=
github.com/eens1/config v0.0.0-20241021173647-c0e024f0f8ed/go.mod h1:WccIBwO6Cw5wlt2HJ3katlH0qZNQeeaLX7+GkVR0FmI=
github.com/eens1/config v0.0.0-20241021173735-dd1a73a3f992 h1:Q3df0ImXWvKy8Ilr76+bDv8dXNRSrGfDUVu0K5gXxBU=
github.com/eens1/config v0.0.0-20241021173735-dd1a73a3f992/go.mod h1:WccIBwO6Cw5wlt2HJ3katlH0qZNQeeaLX7+GkVR0FmI=
github.com/eens1/config v0.0.0-20241021174023-b05d24d11363 h1:VFlUQG1S92JXjUSdG+MfjNH2kdR2WlJ3GVgSK4KCIEE=
github.com/eens1/config v0.0.0-20241021174023-b05d24d11363/go.mod h1:WccIBwO6Cw5wlt2HJ3katlH0qZNQeeaLX7+GkVR0FmI=
github.com/eens1/config v0.0.0-20241021183437-bc95aad353f4 h1:jVPe/ckBlUl8AIVX6Uq/wHKwbx3hP4/ql2IcIs3bWGA=
github.com/eens1/config v0.0.0-20241021183437-bc95aad353f4/go.mod h1:WccIBwO6Cw5wlt2HJ3katlH0qZNQeeaLX7+GkVR0FmI=
github.com/eens1/config v0.0.0-20241021184213-25afdf122502 h1:cd87N+CLNMUqhuO1/3tiq7PEws84dfVNHbDXPhz9lKs=
github.com/eens1/config v0.0.0-20241021184213-25afdf122502/go.mod h1:WccIBwO6Cw5wlt2HJ3katlH0qZNQeeaLX7+GkVR0FmI=
github.com/eens1/config v0.0.0-20241021185415-add211fafcd0 h1:/nkU42GqFZREWjtrUIgdCHwuZENeYsuM7nlJA13PY58=
github.com/eens1/config v0.0.0-20241021185415-add211fafcd0/go.mod h1:WccIBwO6Cw5wlt2HJ3katlH0qZNQeeaLX7+GkVR0FmI=
github.com/eens1/config v0.0.0-20241021185453-9e1ba8344af3 h1:nI02ksysg6WEVl/03P/xeGYSh3Oe40SJ/eSm5tOmnwQ=
github.com/eens1/config v0.0.0-20241021185453-9e1ba8344af3/go.mod h1:WccIBwO6Cw5wlt2HJ3katlH0qZNQeeaLX7+GkVR0FmI=
github.com/eens1/config v0.0.0-20241021190951-e8421da8fb39 h1:4BQSkEEuKTmX0F0CR9C8Q2Y2bNUzplUrF92P43mSNx8=
github.com/eens1/config v0.0.0-20241021190951-e8421da8fb39/go.mod h1:WccIBwO6Cw5wlt2HJ3katlH0qZNQeeaLX7+GkVR0FmI=
github.com/eens1/config v0.0.0-20241022030227-774a8595a5cb h1:/qhesbk5eHCpZrHGV2vOajXdtOKex0wDMWEWYDou6So=
github.com/eens1/config v0.0.0-20241022030227-774a8595a5cb/go.mod h1:WccIBwO6Cw5wlt2HJ3katlH0qZNQeeaLX7+GkVR0FmI=
github.com/eens1/config v0.0.0-20241022030603-b3a06cb1a92c h1:XOU+wTFyOcl6nmP/h1L2xFjUj5LWgVSogeDjxIom7Ig=
github.com/eens1/config v0.0.0-20241022030603-b3a06cb1a92c/go.mod h1:WccIBwO6Cw5wlt2HJ3katlH0qZNQeeaLX7+GkVR0FmI=
github.com/eens1/config v0.0.0-20241022030802-9af31e6fd758 h1:I7ZFf6kSx8xHHBUaKwl3U+wcw+MCs36qSZx/ZCJX7es=
github.com/eens1/config v0.0.0-20241022030802-9af31e6fd758/go.mod h1:WccIBwO6Cw5wlt2HJ3katlH0qZNQeeaLX7+GkVR0FmI=
github.com/eens1/config v0.0.0-20241022034519-0ccffad071dc h1:wInRO5GbV3KM/0CXZLkqEr8tg5oRTWJH9tu5znT5Al0=
github.com/eens1/config v0.0.0-20241022034519-0ccffad071dc/go.mod h1:WccIBwO6Cw5wlt2HJ3katlH0qZNQeeaLX7+GkVR0FmI=
github.com/eens1/config v0.0.0-20241022080149-0f0dfbd98912 h1:e/a9rSHaCjcF27nPoE/Ee1prma2UHGJPOh3mffl1yvo=
github.com/eens1/config v0.0.0-20241022080149-0f0dfbd98912/go.mod h1:WccIBwO6Cw5wlt2HJ3katlH0qZNQeeaLX7+GkVR0FmI=
github.com/eens1/config v0.0.0-20241022080217-c04ab2ec8f62 h1:5ksiISt5TpKW/YDdmVJXtc9j7zGmwXacFqbdLg8J9vE=
github.com/eens1/config v0.0.0-20241022080217-c04ab2ec8f62/go.mod h1:WccIBwO6Cw5wlt2HJ3katlH0qZNQeeaLX7+GkVR0FmI=
github.com/eens1/config v0.0.0-20241022080255-c51f5b07179e h1:i0FNXX1wC5mvQqG6ve8tE94LtUKAiITOpLBeg5Yn95o=
github.com/eens1/config v0.0.0-20241022080255-c51f5b07179e/go.mod h1:WccIBwO6Cw5wlt2HJ3katlH0qZNQeeaLX7+GkVR0FmI=
github.com/eens1/config v0.0.0-20241022080322-0a81fbf7be7b h1:WXpG47qOeGxtJDt38f4qqkPv+kHO+wPG1mD6lLmQEUg=
github.com/eens1/config v0.0.0-20241022080322-0a81fbf7be7b/go.mod h1:WccIBwO6Cw5wlt2HJ3katlH0qZNQeeaLX7+GkVR0FmI=
github.com/eens1/config v0.0.0-20241022080411-81ef73757d8a h1:Q8XfpeGOsv1lSNMfO8R4RJ4WSBiTBZvYJVSeCnDVwFw=
github.com/eens1/config v0.0.0-20241022080411-81ef73757d8a/go.mod h1:WccIBwO6Cw5wlt2HJ3katlH0qZNQeeaLX7+GkVR0FmI=
github.com/eens1/config v0.0.0-20241022080500-e1860bfc138d h1:aqC3DV6r6DlwZKxoYdeHYCrBhudo3gRTL2ZaBqQ4Alk=
github.com/eens1/config v0.0.0-20241022080500-e1860bfc138d/go.mod h1:WccIBwO6Cw5wlt2HJ3katlH0qZNQeeaLX7+GkVR0FmI=
github.com/eens1/config v0.0.0-20241022080925-8a549b0a09ca h1:plc+Rx3vczW7xNA8qOXZjSPsDgUsuTL8maK2ge73RCA=
github.com/eens1/config v0.0.0-20241022080925-8a549b0a09ca/go.mod h1:WccIBwO6Cw5wlt2HJ3katlH0qZNQeeaLX7+GkVR0FmI=
github.com/eens1/config v0.0.0-20241022081147-70949404a557 h1:b3zU2SRKjCsF2iG2CAh9/HCxliLYv0Z1NGfG1Iqovb4=
github.com/eens1/config v0.0.0-20241022081147-70949404a557/go.mod h1:WccIBwO6Cw5wlt2HJ3katlH0qZNQeeaLX7+GkVR0FmI=
github.com/eens1/config v0.0.0-20241022081301-b3a5d12a535a h1:JVV/BN4MszdlsmiL+uYHrRKq4bMsUx0o1S1aV4KRkXY=
github.com/eens1/config v0.0.0-20241022081301-b3a5d12a535a/go.mod h1:WccIBwO6Cw5wlt2HJ3katlH0qZNQeeaLX7+GkVR0FmI=
github.com/eens1/config v0.0.0-20241022081358-8b14e5a3e442 h1:BChHGVk9iWscPvekhl2zjmYD9x8ji1KVzBjmrUyiGY4=
github.com/eens1/config v0.0.0-20241022081358-8b14e5a3e442/go.mod h1:WccIBwO6Cw5wlt2HJ3katlH0qZNQeeaLX7+GkVR0FmI=
github.com/eens1/config v0.0.0-20241022081541-78684e4b844c h1:CGEq99goo+6kJQjI+ONSZZKCKCHVNZb3FRaesJaO2xg=
github.com/eens1/config v0.0.0-20241022081541-78684e4b844c/go.mod h1:WccIBwO6Cw5wlt2HJ3katlH0qZNQeeaLX7+GkVR0FmI=
github.com/eens1/config v0.0.0-20241022090255-3d7bd476bc81 h1:kRPERYJudvCunZgK37sQIhr8igHTe5xLRq5z+NE999c=
github.com/eens1/config v0.0.0-20241022090255-3d7bd476bc81/go.mod h1:WccIBwO6Cw5wlt2HJ3katlH0qZNQeeaLX7+GkVR0FmI=
github.com/eens1/config v0.0.0-20241022141118-c3d8633abdba h1:11jyatgfR7HnAUuXLvHe4cs5+bl9BqFwVtN4CISt1e0=
github.com/eens1/config v0.0.0-20241022141118-c3d8633abdba/go.mod h1:WccIBwO6Cw5wlt2HJ3katlH0qZNQeeaLX7+GkVR0FmI=
github.com/eens1/config v0.0.0-20241022141358-ca3ecb6b8b15 h1:6yO8NDLyHvtpQ3ksH08YjRqO3MebAHc2zfN0obtR5vE=
github.com/eens1/config v0.0.0-20241022141358-ca3ecb6b8b15/go.mod h1:WccIBwO6Cw5wlt2HJ3katlH0qZNQeeaLX7+GkVR0FmI=
github.com/eens1/config v0.0.0-20241022141553-dcdac1271c95 h1:taJg9AbWHNB5nj+C9P8Fl754RszkOqEnoNr3ou/lRUw=
github.com/eens1/config v0.0.0-20241022141553-dcdac1271c95/go.mod h1:WccIBwO6Cw5wlt2HJ3katlH0qZNQeeaLX7+GkVR0FmI=
github.com/eens1/config v0.0.0-20241022142030-9222eece793f h1:AvgtnAfGkIb/5ovohWRtyvTCfZ3EUn1m6oqrTY0SzFo=
github.com/eens1/config v0.0.0-20241022142030-9222eece793f/go.mod h1:WccIBwO6Cw5wlt2HJ3katlH0qZNQeeaLX7+GkVR0FmI=
github.com/eens1/config v0.0.0-20241023062628-f1c408b31188 h1:X/hF5zbZZ7hlKdhV4KFPNvMvB4IM7NU4Xr2benEfc40=
github.com/eens1/config v0.0.0-20241023062628-f1c408b31188/go.mod h1:WccIBwO6Cw5wlt2HJ3katlH0qZNQeeaLX7+GkVR0FmI=
github.com/eens1/config v0.0.0-20241023062851-797eb200623f h1:TrH0RdCdCXz4fDFBdm/OD4sJ2JeGUipLZbzJ8v+pJKw=
github.com/eens1/config v0.0.0-20241023062851-797eb200623f/go.mod h1:WccIBwO6Cw5wlt2HJ3katlH0qZNQeeaLX7+GkVR0FmI=
github.com/eens1/config v0.0.0-20241023063245-b6033498556c h1:rhAvXwDpW8lbu7un08p2/v1DoKzeX8bqwDn+aufE2kM=
github.com/eens1/config v0.0.0-20241023063245-b6033498556c/go.mod h1:WccIBwO6Cw5wlt2HJ3katlH0qZNQeeaLX7+GkVR0FmI=
github.com/eens1/config v0.0.0-20241024185410-d4e6d8584422 h1:kSu8W09TUl/BRStTXN5CTa0Y1cXCyxwuxsBs3jOi5yM=
github.com/eens1/config v0.0.0-20241024185410-d4e6d8584422/go.mod h1:WccIBwO6Cw5wlt2HJ3katlH0qZNQeeaLX7+GkVR0FmI=
github.com/eens1/config v0.0.0-20241024185634-31a9f690c294 h1:FHlUS4gRZDSLOIXjxPj4J2O47ryuFYnNWV3yOZ4yRG0=
github.com/eens1/config v0.0.0-20241024185634-31a9f690c294/go.mod h1:WccIBwO6Cw5wlt2HJ3katlH0qZNQeeaLX7+GkVR0FmI=
github.com/eens1/config v0.0.0-20241024185743-b56f5ad93878 h1:Drr5wh0ela/d5s/xWUq0jLstH36rNZfEjUPvXpuwMa8=
github.com/eens1/config v0.0.0-20241024185743-b56f5ad93878/go.mod h1:WccIBwO6Cw5wlt2HJ3katlH0qZNQeeaLX7+GkVR0FmI=
github.com/eens1/config v0.0.0-20241024185901-3ea282e3cf70 h1:B+jX6HgGeV6IUbHxTDGN1WNMDb7JxVNPMN/kb8/j4nA=
github.com/eens1/config v0.0.0-20241024185901-3ea282e3cf70/go.mod h1:WccIBwO6Cw5wlt2HJ3katlH0qZNQeeaLX7+GkVR0FmI=
github.com/eens1/config v0.0.0-20241024190215-e0abd9aaaea4 h1:+WAjE0mv0k6x/59UMBgBS8S0ELy6RVwObOA8fmNLCLQ=
github.com/eens1/config v0.0.0-20241024190215-e0abd9aaaea4/go.mod h1:WccIBwO6Cw5wlt2HJ3katlH0qZNQeeaLX7+GkVR0FmI=
github.com/eens1/config v0.0.0-20241024190454-6528a940c107 h1:VllSYYHo3YnEKtN8zVKeQ62ASvdM+OSAIM3l8tZWo/8=
github.com/eens1/config v0.0.0-20241024190454-6528a940c107/go.mod h1:WccIBwO6Cw5wlt2HJ3katlH0qZNQeeaLX7+GkVR0FmI=
github.com/eens1/config v0.0.0-20241024190539-5efd1f758b54 h1:CUurb/RVWIcuRqIpbyYIOIJFo8tTqs4Cpoiae1gLO2k=
github.com/eens1/config v0.0.0-20241024190539-5efd1f758b54/go.mod h1:WccIBwO6Cw5wlt2HJ3katlH0qZNQeeaLX7+GkVR0FmI=
github.com/eens1/config v0.0.0-20241024190923-5279832afc08 h1:QEu5RGejdmhcINOlEbzs+yexHzwGQwB62Q1m68ulQoE=
github.com/eens1/config v0.0.0-20241024190923-5279832afc08/go.mod h1:WccIBwO6Cw5wlt2HJ3katlH0qZNQeeaLX7+GkVR0FmI=
github.com/eens1/config v0.0.0-20241024191758-2fb84f218609 h1:rjIss6KjaYPZW6Ed/f4/KOrOA1ODRJ2BNrGiSTi5pCA=
github.com/eens1/config v0.0.0-20241024191758-2fb84f218609/go.mod h1:WccIBwO6Cw5wlt2HJ3katlH0qZNQeeaLX7+GkVR0FmI=
github.com/eens1/config v0.0.0-20241024192034-282714f03376 h1:mB7FRQ3K8OL06eILE+EE/zfLSRZvO0lUCa+fY3pcJvA=
github.com/eens1/config v0.0.0-20241024192034-282714f03376/go.mod h1:WccIBwO6Cw5wlt2HJ3katlH0qZNQeeaLX7+GkVR0FmI=
github.com/eens1/config v0.0.0-20241024192124-d0ea972400c0 h1:0E1cLsBcTEhQBbx7QJV887RxybUwFzGL3ANDjgrh7Pc=
github.com/eens1/config v0.0.0-20241024192124-d0ea972400c0/go.mod h1:WccIBwO6Cw5wlt2HJ3katlH0qZNQeeaLX7+GkVR0FmI=
github.com/eens1/config v0.0.0-20241024192646-58ac1b4c87ae h1:y4fnjPod+KJXeiP/58AEhkUyV4kq9b0kjFI/W0m2Spw=
github.com/eens1/config v0.0.0-20241024192646-58ac1b4c87ae/go.mod h1:WccIBwO6Cw5wlt2HJ3katlH0qZNQeeaLX7+GkVR0FmI=
github.com/eens1/config v0.0.0-20241024193129-45dee746b414 h1:81eMgC2W6jbfG7AroiExJ7O4kkzLx4RUHuhh3nL8BAI=
github.com/eens1/config v0.0.0-20241024193129-45dee746b414/go.mod h1:WccIBwO6Cw5wlt2HJ3katlH0qZNQeeaLX7+GkVR0FmI=
github.com/eens1/config v0.0.0-20241024193301-7014da87ec3c h1:C5IpWDb61okb7gzFbxoDP0BhozxTiQCF4MOhSrf06iM=
github.com/eens1/config v0.0.0-20241024193301-7014da87ec3c/go.mod h1:WccIBwO6Cw5wlt2HJ3katlH0qZNQeeaLX7+GkVR0FmI=
github.com/eens1/config v0.0.0-20241024193632-481cce21f496 h1:7mIzeiKzX2PlHp+gEqUbWt67UeYXBN3VlRu47IUCZ5c=
github.com/eens1/config v0.0.0-20241024193632-481cce21f496/go.mod h1:WccIBwO6Cw5wlt2HJ3katlH0qZNQeeaLX7+GkVR0FmI=
github.com/eens1/config v0.0.0-20241024193721-d9416cf53a3b h1:iIzVWnd1DSlQM3zn+ZG0eg0+x91Vtip8x7L9C/s+290=
github.com/eens1/config v0.0.0-20241024193721-d9416cf53a3b/go.mod h1:WccIBwO6Cw5wlt2HJ3katlH0qZNQeeaLX7+GkVR0FmI=
github.com/eens1/config v0.0.0-20241024193751-e970f2facdaf h1:7Vmxeji+HtosHa/lTWoCsBA0P824rCuSLmUEPBcqegA=
github.com/eens1/config v0.0.0-20241024193751-e970f2facdaf/go.mod h1:WccIBwO6Cw5wlt2HJ3katlH0qZNQeeaLX7+GkVR0FmI=
github.com/eens1/config v0.0.0-20241024194305-682461660516 h1:7tzb0QwLevfd/YesSdRApoUGY+jyS5BJde6NMzSrvBw=
github.com/eens1/config v0.0.0-20241024194305-682461660516/go.mod h1:WccIBwO6Cw5wlt2HJ3katlH0qZNQeeaLX7+GkVR0FmI=
github.com/eens1/config v0.0.0-20241024194603-3d94e46f59c5 h1:1u5/iDAd2nC7M8I6th0iVyAllFmWZzUtcWBr6fFUzEM=
github.com/eens1/config v0.0.0-20241024194603-3d94e46f59c5/go.mod h1:WccIBwO6Cw5wlt2HJ3katlH0qZNQeeaLX7+GkVR0FmI=
github.com/eens1/config v0.0.0-20241024195014-34d30b97ee38 h1:PmsSIQunEYWO4WdYwmoF+qnS1K7c7Ey7qPQfzNg2jt8=
github.com/eens1/config v0.0.0-20241024195014-34d30b97ee38/go.mod h1:WccIBwO6Cw5wlt2HJ3katlH0qZNQeeaLX7+GkVR0FmI=
github.com/eens1/config v0.0.0-20241024195055-1a2b5a86f9c5 h1:IGMpI4k1VrXRDEBmzlrWUFO2+jpoJ8Sy7NX+KTOBqIs=
github.com/eens1/config v0.0.0-20241024195055-1a2b5a86f9c5/go.mod h1:WccIBwO6Cw5wlt2HJ3katlH0qZNQeeaLX7+GkVR0FmI=
github.com/eens1/config v0.0.0-20241024195425-8cdd21ae18ef h1:/nrc/8vewznSpG//5pe3wWjabKEu+gtH9714YpK+WUo=
github.com/eens1/config v0.0.0-20241024195425-8cdd21ae18ef/go.mod h1:WccIBwO6Cw5wlt2HJ3katlH0qZNQeeaLX7+GkVR0FmI=
github.com/eens1/config v0.0.0-20241024195519-dd5a605050e9 h1:QiBW4OAMoUxQd9U31vcb/tavqXBOqI4ZiMvCnz8rIzI=
github.com/eens1/config v0.0.0-20241024195519-dd5a605050e9/go.mod h1:WccIBwO6Cw5wlt2HJ3katlH0qZNQeeaLX7+GkVR0FmI=
github.com/eens1/config v0.0.0-20241024195545-7fca33a50282 h1:IWITmK8WfolIe3P9SGPuCAPf9brzyhC+EY8l4y69r68=
github.com/eens1/config v0.0.0-20241024195545-7fca33a50282/go.mod h1:WccIBwO6Cw5wlt2HJ3katlH0qZNQeeaLX7+GkVR0FmI=
github.com/eens1/config v0.0.0-20241024195640-b53f79b050ac h1:7f+fnDuHqx6Bj30B2opG5DqI7eMaBAfj0X5VKbiY5jE=
github.com/eens1/config v0.0.0-20241024195640-b53f79b050ac/go.mod h1:WccIBwO6Cw5wlt2HJ3katlH0qZNQeeaLX7+GkVR0FmI=
github.com/eens1/config v0.0.0-20241024195751-92762054f9f4 h1:kSVYz7MVz+kOW4qqgT9O8SN2oOD/lVjJf8aOfw2FDhg=
github.com/eens1/config v0.0.0-20241024195751-92762054f9f4/go.mod h1:WccIBwO6Cw5wlt2HJ3katlH0qZNQeeaLX7+GkVR0FmI=
github.com/eens1/config v0.0.0-20241024195836-580953a6fcd7 h1:NXdMoa8sIPvf7F/Euu8XXXkJozhp2LNW6VjjlX1H2x0=
github.com/eens1/config v0.0.0-20241024195836-580953a6fcd7/go.mod h1:WccIBwO6Cw5wlt2HJ3katlH0qZNQeeaLX7+GkVR0FmI=
github.com/eens1/config v0.0.0-20241024200128-c05bf8d4b6b3 h1:9A5tmTvmr11hGC8mGiZdZUKFst7alqm9vvZy5jEc2QM=
github.com/eens1/config v0.0.0-20241024200128-c05bf8d4b6b3/go.mod h1:WccIBwO6Cw5wlt2HJ3katlH0qZNQeeaLX7+GkVR0FmI=
github.com/eens1/config v0.0.0-20241024201052-21835f8397c5 h1:wMxYpf81gIxth/mRLzmSMOSQOPvlRJtHRgdlsw6RL7o=
github.com/eens1/config v0.0.0-20241024201052-21835f8397c5/go.mod h1:WccIBwO6Cw5wlt2HJ3katlH0qZNQeeaLX7+GkVR0FmI=
github.com/eens1/config v0.0.0-20241024203203-88b5bfd9519f h1:5G7EW+YSGzwmCmJ0WclcJNXI2RETz6evoEaLoXWf64A=
github.com/eens1/config v0.0.0-20241024203203-88b5bfd9519f/go.mod h1:WccIBwO6Cw5wlt2HJ3katlH0qZNQeeaLX7+GkVR0FmI=
github.com/eens1/config v0.0.0-20241024203231-b1acc9b4d137 h1:WpPL7K46XcsBmrlKN+pmZrx3ZM6LbH5foeATDSftjOQ=
github.com/eens1/config v0.0.0-20241024203231-b1acc9b4d137/go.mod h1:WccIBwO6Cw5wlt2HJ3katlH0qZNQeeaLX7+GkVR0FmI=
github.com/eens1/config v0.0.0-20241025061643-62f1959696fc h1:vNhP3QoxT4JBpOZKdo4EU8nX+IucZf1f7yu68HysKIY=
github.com/eens1/config v0.0.0-20241025061643-62f1959696fc/go.mod h1:WccIBwO6Cw5wlt2HJ3katlH0qZNQeeaLX7+GkVR0FmI=
github.com/eens1/config v0.0.0-20241025061757-961d5e342dcc h1:/URrsCav7aX9jA8iUCvxqWTnTkRwCNL8/+hswDL0I88=
github.com/eens1/config v0.0.0-20241025061757-961d5e342dcc/go.mod h1:WccIBwO6Cw5wlt2HJ3katlH0qZNQeeaLX7+GkVR0FmI=
github.com/eens1/config v0.0.0-20241025061909-37ba4e2e20d1 h1:CEBdjnwIE1aZI8P5YsFR1ZZBqXrZrtjymFGHiYOMRD0=
github.com/eens1/config v0.0.0-20241025061909-37ba4e2e20d1/go.mod h1:WccIBwO6Cw5wlt2HJ3katlH0qZNQeeaLX7+GkVR0FmI=
github.com/eens1/config v0.0.0-20241025062035-c05bd369e49a h1:MUEqxFB/bXIRlDVZPZeUspkExSW+fw+4vdJ5rmmfVXI=
github.com/eens1/config v0.0.0-20241025062035-c05bd369e49a/go.mod h1:WccIBwO6Cw5wlt2HJ3katlH0qZNQeeaLX7+GkVR0FmI=
github.com/eens1/config v0.0.0-20241025062617-ddd213def215 h1:VHlf0vLxiyYShH8ZFbFidbpmyhQCfuTSnZwb2FOuBqs=
github.com/eens1/config v0.0.0-20241025062617-ddd213def215/go.mod h1:WccIBwO6Cw5wlt2HJ3katlH0qZNQeeaLX7+GkVR0FmI=
github.com/eens1/config v0.0.0-20241025091032-7d59c7d55921 h1:ipRIIqrUN0Ojv8S4LY89qsLRcGbaQiD5/0mweZlviS4=
github.com/eens1/config v0.0.0-20241025091032-7d59c7d55921/go.mod h1:WccIBwO6Cw5wlt2HJ3katlH0qZNQeeaLX7+GkVR0FmI=
github.com/eens1/config v0.0.0-20241025134115-690e7db49194 h1:lKmqyxSJ+qdLQTq4/7PBDczR8T/o/cXFc25SgJZkh8U=
github.com/eens1/config v0.0.0-20241025134115-690e7db49194/go.mod h1:WccIBwO6Cw5wlt2HJ3katlH0qZNQeeaLX7+GkVR0FmI=
github.com/eens1/config v0.0.0-20241025230316-42b51c1a2f9f h1:H49zwrxY9YTFE+Nsmza5AIQmJ3LG1BbRJgnsr3W1R8k=
github.com/eens1/config v0.0.0-20241025230316-42b51c1a2f9f/go.mod h1:WccIBwO6Cw5wlt2HJ3katlH0qZNQeeaLX7+GkVR0FmI=
github.com/eens1/config v0.0.0-20241025231916-50bef7fd0e3a h1:ynW5EmixN+m3M63R8+IL3Vbv2yVWkxRPdqwrFClRRGA=
github.com/eens1/config v0.0.0-20241025231916-50bef7fd0e3a/go.mod h1:WccIBwO6Cw5wlt2HJ3katlH0qZNQeeaLX7+GkVR0FmI=
github.com/eens1/config v0.0.0-20241025232237-9a6a117f002e h1:h1n4hmoE02hD/+REKq9EgqLyFrMC0MfQ0yP2kfswOSQ=
github.com/eens1/config v0.0.0-20241025232237-9a6a117f002e/go.mod h1:WccIBwO6Cw5wlt2HJ3katlH0qZNQeeaLX7+GkVR0FmI=
github.com/eens1/config v0.0.0-20241025232637-f324eb461518 h1:cJqEZIIYNBYcSP6q8f87hPFFXSsPKCGbcFcL6cfls5U=
github.com/eens1/config v0.0.0-20241025232637-f324eb461518/go.mod h1:WccIBwO6Cw5wlt2HJ3katlH0qZNQeeaLX7+GkVR0FmI=
github.com/eens1/config v0.0.0-20241025232846-43be21cdf459 h1:X2wd/4Pj51Zba1117MJ2xjlk8cSz71ZaFFy/b7RlThw=
github.com/eens1/config v0.0.0-20241025232846-43be21cdf459/go.mod h1:WccIBwO6Cw5wlt2HJ3katlH0qZNQeeaLX7+GkVR0FmI=
github.com/eens1/config v0.0.0-20241025233105-1d81fb1f4ebf h1:gr6upJ5vdNCsvSTzEzo3xwNPmIEBFu7Ry6bpYF8A+Ao=
github.com/eens1/config v0.0.0-20241025233105-1d81fb1f4ebf/go.mod h1:WccIBwO6Cw5wlt2HJ3katlH0qZNQeeaLX7+GkVR0FmI=
github.com/eens1/config v0.0.0-20241025233159-1c18730063e7 h1:NKQWFWlLad4rdsBn8GaLEOe6vGhVYjROUaIOWMSQSIw=
github.com/eens1/config v0.0.0-20241025233159-1c18730063e7/go.mod h1:WccIBwO6Cw5wlt2HJ3katlH0qZNQeeaLX7+GkVR0FmI=
github.com/eens1/config v0.0.0-20241025233303-45644a2c555c h1:u0V8MeFBY/mm0Z0sg6MQp/LGk0jGnX5dfEUzqSJNKjc=
github.com/eens1/config v0.0.0-20241025233303-45644a2c555c/go.mod h1:WccIBwO6Cw5wlt2HJ3katlH0qZNQeeaLX7+GkVR0FmI=
github.com/eens1/config v0.0.0-20241025233335-2ec882053e8a h1:uTdH9Gsd8dBVzt+0qfhqbLqqJnhzEa/UhHfGari/5lk=
github.com/eens1/config v0.0.0-20241025233335-2ec882053e8a/go.mod h1:WccIBwO6Cw5wlt2HJ3katlH0qZNQeeaLX7+GkVR0FmI=
github.com/eens1/config v0.0.0-20241025233445-b0b2de84a36e h1:0vHllB6y+U4keRgUF+JbQrTxbn7/KXvHBHccr8yBwyY=
github.com/eens1/config v0.0.0-20241025233445-b0b2de84a36e/go.mod h1:WccIBwO6Cw5wlt2HJ3katlH0qZNQeeaLX7+GkVR0FmI=
github.com/eens1/config v0.0.0-20241025233959-a1cbe4fedf26 h1:LJjHBvCzxJoaMrxaHZxz77yD/Rw2DnwPH5jk2U824Bc=
github.com/eens1/config v0.0.0-20241025233959-a1cbe4fedf26/go.mod h1:WccIBwO6Cw5wlt2HJ3katlH0qZNQeeaLX7+GkVR0FmI=
github.com/eens1/config v0.0.0-20241025234102-35bc37ae753e h1:ufaXOcBC0Aq14XcLGmINcqKIL0vwjbNkXyD2FhIjHSg=
github.com/eens1/config v0.0.0-20241025234102-35bc37ae753e/go.mod h1:WccIBwO6Cw5wlt2HJ3katlH0qZNQeeaLX7+GkVR0FmI=
github.com/eens1/config v0.0.0-20241025234437-6f3819556ff5 h1:+mVBTWg4daJhj2Y0+g3d+ijbxNHbFldyvbihAkMvXe8=
github.com/eens1/config v0.0.0-20241025234437-6f3819556ff5/go.mod h1:WccIBwO6Cw5wlt2HJ3katlH0qZNQeeaLX7+GkVR0FmI=
github.com/eens1/config v0.0.0-20241025234645-3bb68a85f896 h1:bAtnOrRCvkfYYQOEf4bVTbiT8kHpaYzyiQfxKe2IOec=
github.com/eens1/config v0.0.0-20241025234645-3bb68a85f896/go.mod h1:WccIBwO6Cw5wlt2HJ3katlH0qZNQeeaLX7+GkVR0FmI=
github.com/eens1/config v0.0.0-20241025234709-faa62ea326be h1:h72LQjBuv/Trh0ef1dzCJKwy9hyGr3nOO5uiRsPqUco=
github.com/eens1/config v0.0.0-20241025234709-faa62ea326be/go.mod h1:WccIBwO6Cw5wlt2HJ3katlH0qZNQeeaLX7+GkVR0FmI=
github.com/eens1/config v0.0.0-20241025234947-cf2b277fe828 h1:Hl1OJKy/u3bvThc6JTxkrx6Bz7swQmyr2i24u3Sz80w=
github.com/eens1/config v0.0.0-20241025234947-cf2b277fe828/go.mod h1:WccIBwO6Cw5wlt2HJ3katlH0qZNQeeaLX7+GkVR0FmI=
github.com/eens1/config v0.0.0-20241025235049-037fe35489d3 h1:8dwxNf4x2lmTEwsVOeT3h7Ut5gRiTaTNSjMu2BFKppc=
github.com/eens1/config v0.0.0-20241025235049-037fe35489d3/go.mod h1:WccIBwO6Cw5wlt2HJ3katlH0qZNQeeaLX7+GkVR0FmI=
github.com/eens1/config v0.0.0-20241025235356-4198e13bb520 h1:688BgQ9SnWpahUWuDj09wBU3R4+FJNOe21cAx4jSycI=
github.com/eens1/config v0.0.0-20241025235356-4198e13bb520/go.mod h1:WccIBwO6Cw5wlt2HJ3katlH0qZNQeeaLX7+GkVR0FmI=
github.com/eens1/config v0.0.0-20241025235611-54f2a8e2ab0d h1:m+RuP4WDMZsxpgmvjG/fu+8qpg7nuAhujFA6kZNmSOk=
github.com/eens1/config v0.0.0-20241025235611-54f2a8e2ab0d/go.mod h1:WccIBwO6Cw5wlt2HJ3katlH0qZNQeeaLX7+GkVR0FmI=
github.com/eens1/config v0.0.0-20241025235707-c5313d761cdd h1:EwGTawJpCcnCQAM//+l1W6YLSkzm8lUC8kNQ6mFyiPk=
github.com/eens1/config v0.0.0-20241025235707-c5313d761cdd/go.mod h1:WccIBwO6Cw5wlt2HJ3katlH0qZNQeeaLX7+GkVR0FmI=
github.com/eens1/config v0.0.0-20241025235911-b7402cf83e42 h1:V7nnCad3FE0G2De7nxVMDvtsNVTQmbgirrkwH0YmpfI=
github.com/eens1/config v0.0.0-20241025235911-b7402cf83e42/go.mod h1:WccIBwO6Cw5wlt2HJ3katlH0qZNQeeaLX7+GkVR0FmI=
github.com/eens1/config v0.0.0-20241025235944-483022a96841 h1:hqVc2JUf0PiIDkZE/RZwIqWW7Au+TyREGMsgr7wZ9SI=
github.com/eens1/config v0.0.0-20241025235944-483022a96841/go.mod h1:WccIBwO6Cw5wlt2HJ3katlH0qZNQeeaLX7+GkVR0FmI=
github.com/eens1/config v0.0.0-20241026000648-344e951d9fdf h1:OUXfpZdXEEhAzWpvn1LHASeh02kv/4mhq0+yUFGP3kE=
github.com/eens1/config v0.0.0-20241026000648-344e951d9fdf/go.mod h1:WccIBwO6Cw5wlt2HJ3katlH0qZNQeeaLX7+GkVR0FmI=
github.com/eens1/config v0.0.0-20241026000856-9230e784b70b h1:MFQJMaIsGFlojFx1pgEXLXtv+ZRDCrFnBgAehcgOWh4=
github.com/eens1/config v0.0.0-20241026000856-9230e784b70b/go.mod h1:WccIBwO6Cw5wlt2HJ3katlH0qZNQeeaLX7+GkVR0FmI=
github.com/eens1/config v0.0.0-20241026001420-0430a6daf77f h1:MB4IDVPOdfQJCft1ObtjvRDO2gnhwYUwGSOaAeQohc4=
github.com/eens1/config v0.0.0-20241026001420-0430a6daf77f/go.mod h1:WccIBwO6Cw5wlt2HJ3katlH0qZNQeeaLX7+GkVR0FmI=
github.com/eens1/config v0.0.0-20241026001742-be6b65b5c1a1 h1:+scxYhhh/GwQ9V5zPYJep5fUweJZ/uBDh1BI6QyxsEA=
github.com/eens1/config v0.0.0-20241026001742-be6b65b5c1a1/go.mod h1:WccIBwO6Cw5wlt2HJ3katlH0qZNQeeaLX7+GkVR0FmI=
github.com/eens1/config v0.0.0-20241026001823-b810ca6f1914 h1:d/zfH/LhKmNtqWFwMLqUvVuEWi5xUa9AKW4SzDgoHgA=
github.com/eens1/config v0.0.0-20241026001823-b810ca6f1914/go.mod h1:WccIBwO6Cw5wlt2HJ3katlH0qZNQeeaLX7+GkVR0FmI=
github.com/eens1/config v0.0.0-20241026002017-a14e7d62ba8b h1:SFXRlEVT8CphUSLRCk+XKV7WUTB6DsxTfd1piVF33fU=
github.com/eens1/config v0.0.0-20241026002017-a14e7d62ba8b/go.mod h1:WccIBwO6Cw5wlt2HJ3katlH0qZNQeeaLX7+GkVR0FmI=
github.com/eens1/config v0.0.0-20241026002055-4b0af0367249 h1:/AKkdz+tallfvtnOeaXhG6jCXtdfO0Oa4VpFqS+mrz0=
github.com/eens1/config v0.0.0-20241026002055-4b0af0367249/go.mod h1:WccIBwO6Cw5wlt2HJ3katlH0qZNQeeaLX7+GkVR0FmI=
github.com/eens1/config v0.0.0-20241026013939-c036445ab969 h1:OZ4fPVfzxxrKHtx0q0hUJadAMn8YdamEh5QfKar9P5Q=
github.com/eens1/config v0.0.0-20241026013939-c036445ab969/go.mod h1:WccIBwO6Cw5wlt2HJ3katlH0qZNQeeaLX7+GkVR0FmI=
github.com/eens1/config v0.0.0-20241026031443-9787c8e16120 h1:CFYRQVh8vIWILTv0AwlzS551EoGeNMLhm5/EN1AkaDg=
github.com/eens1/config v0.0.0-20241026031443-9787c8e16120/go.mod h1:WccIBwO6Cw5wlt2HJ3katlH0qZNQeeaLX7+GkVR0FmI=
github.com/eens1/config v0.0.0-20241027084609-3193d8286c5b h1:fNflMAblMUUCuvQiydCJuSI1EJxfDbfV1pcG9wKtiSM=
github.com/eens1/config v0.0.0-20241027084609-3193d8286c5b/go.mod h1:WccIBwO6Cw5wlt2HJ3katlH0qZNQeeaLX7+GkVR0FmI=
github.com/eens1/config v0.0.0-20241027084733-6f4a657e3233 h1:dDO8wrx7sqv0HZwYML3ofYw0Zc1qOCq8mDOfF+6Lwj0=
github.com/eens1/config v0.0.0-20241027084733-6f4a657e3233/go.mod h1:WccIBwO6Cw5wlt2HJ3katlH0qZNQeeaLX7+GkVR0FmI=
github.com/eens1/config v0.0.0-20241027084828-2db7500390e0 h1:Tch5/gFAToGOnF0decKLvBFgq+RuyrPwJrULk7sOa7w=
github.com/eens1/config v0.0.0-20241027084828-2db7500390e0/go.mod h1:WccIBwO6Cw5wlt2HJ3katlH0qZNQeeaLX7+GkVR0FmI=
github.com/eens1/config v0.0.0-20241027084905-50180d081a6a h1:16YKZJgTGMWKietPMMuijHYcwuzrYGCa+BhBtRme0ec=
github.com/eens1/config v0.0.0-20241027084905-50180d081a6a/go.mod h1:WccIBwO6Cw5wlt2HJ3katlH0qZNQeeaLX7+GkVR0FmI=
github.com/eens1/config v0.0.0-20241027084931-f444bd92f015 h1:Uege/40JjDhIbj/ahh40xCuh7k1Ug369zIXvRyaE7Iw=
github.com/eens1/config v0.0.0-20241027084931-f444bd92f015/go.mod h1:WccIBwO6Cw5wlt2HJ3katlH0qZNQeeaLX7+GkVR0FmI=
github.com/eens1/config v0.0.0-20241030074946-1ffb07b3359f h1:cYPCgPGsGqgIwqxLosojQGK5kbY5lD7NuVk3AzcfGew=
github.com/eens1/config v0.0.0-20241030074946-1ffb07b3359f/go.mod h1:WccIBwO6Cw5wlt2HJ3katlH0qZNQeeaLX7+GkVR0FmI=
github.com/eens1/config v0.0.0-20241030075042-fecdb6ca5018 h1:tMxLkuKc/2M/0HgwklDjaVe+sSxkUzZ/adbloYzJ9DU=
github.com/eens1/config v0.0.0-20241030075042-fecdb6ca5018/go.mod h1:WccIBwO6Cw5wlt2HJ3katlH0qZNQeeaLX7+GkVR0FmI=
github.com/eens1/config v0.0.0-20241030075231-2033010ae3f2 h1:+00UqtICyU4yAX1N2wl4Ldxn6kBUMCxgULKicTMHdbU=
github.com/eens1/config v0.0.0-20241030075231-2033010ae3f2/go.mod h1:WccIBwO6Cw5wlt2HJ3katlH0qZNQeeaLX7+GkVR0FmI=
github.com/eens1/config v0.0.0-20241030075340-3ec706217223 h1:o9Mf6fzKgFIi/XUiG0wKzZz9gIpC6dFc5Bko1S8snTw=
github.com/eens1/config v0.0.0-20241030075340-3ec706217223/go.mod h1:WccIBwO6Cw5wlt2HJ3katlH0qZNQeeaLX7+GkVR0FmI=
github.com/eens1/config v0.0.0-20241030075509-60033fd10796 h1:oIL4xvFVm5I10fQ/G1rep1j39qy6fGiHSe83fs4zEd4=
github.com/eens1/config v0.0.0-20241030075509-60033fd10796/go.mod h1:WccIBwO6Cw5wlt2HJ3katlH0qZNQeeaLX7+GkVR0FmI=
github.com/eens1/config v0.0.0-20241030075530-27e0af547572 h1:FUJZLLEl66yBGOmEcgmVf2t8LMykquKqspDwPPtu08c=
github.com/eens1/config v0.0.0-20241030075530-27e0af547572/go.mod h1:WccIBwO6Cw5wlt2HJ3katlH0qZNQeeaLX7+GkVR0FmI=
github.com/eens1/config v0.0.0-20241030075635-65d54f929ff9 h1:Mg/p3h3buWoEXjMooqeZfd4W4TdByiurmgJMjUBnJB4=
github.com/eens1/config v0.0.0-20241030075635-65d54f929ff9/go.mod h1:WccIBwO6Cw5wlt2HJ3katlH0qZNQeeaLX7+GkVR0FmI=
github.com/eens1/config v0.0.0-20241030075734-29b7f3a10b96 h1:DmtEm6cFk9BVL9rcKoYkR1QiTgCi0FiuncaLIJvS6T0=
github.com/eens1/config v0.0.0-20241030075734-29b7f3a10b96/go.mod h1:WccIBwO6Cw5wlt2HJ3katlH0qZNQeeaLX7+GkVR0FmI=
github.com/eens1/config v0.0.0-20241030075938-1dee8f4f1ca7 h1:kyQy/CItndGqfnn3xQeDKxHC8adL8C3jHf295nJjjXk=
github.com/eens1/config v0.0.0-20241030075938-1dee8f4f1ca7/go.mod h1:WccIBwO6Cw5wlt2HJ3katlH0qZNQeeaLX7+GkVR0FmI=
github.com/eens1/config v0.0.0-20241030080026-c11196eb43a0 h1:EhcdxaQDnYjfj5qD9p44KAak2vBC0wAf88oh2ueVAB8=
github.com/eens1/config v0.0.0-20241030080026-c11196eb43a0/go.mod h1:WccIBwO6Cw5wlt2HJ3katlH0qZNQeeaLX7+GkVR0FmI=
github.com/eens1/config v0.0.0-20241030080144-b07fd842498a h1:eG7beetoY/eGhLDTtsZXXWliCD8yOnQm6KKd6Uf2arI=
github.com/eens1/config v0.0.0-20241030080144-b07fd842498a/go.mod h1:WccIBwO6Cw5wlt2HJ3katlH0qZNQeeaLX7+GkVR0FmI=
github.com/eens1/config v0.0.0-20241030080231-873fe371d315 h1:fEnP0Ymn/tKcSjPLP1AwdldWFaGd02fNBH7+3ZnfbNs=
github.com/eens1/config v0.0.0-20241030080231-873fe371d315/go.mod h1:WccIBwO6Cw5wlt2HJ3katlH0qZNQeeaLX7+GkVR0FmI=
github.com/eens1/config v0.0.0-20241031053003-d916e210a054 h1:uVb8NjBPfnLJ3VgbYWouNlusOekAw/5QA2uLfq9IJEg=
github.com/eens1/config v0.0.0-20241031053003-d916e210a054/go.mod h1:WccIBwO6Cw5wlt2HJ3katlH0qZNQeeaLX7+GkVR0FmI=
